// !$*UTF8*$!
{
	archiveVersion = 1;
	classes = {
	};
	objectVersion = 55;
	objects = {

/* Begin PBXBuildFile section */
		130A80532B78C02E0028985F /* AppDelegate.swift in Sources */ = {isa = PBXBuildFile; fileRef = 130A80522B78C02E0028985F /* AppDelegate.swift */; };
		130A80552B78C02E0028985F /* SceneDelegate.swift in Sources */ = {isa = PBXBuildFile; fileRef = 130A80542B78C02E0028985F /* SceneDelegate.swift */; };
		130A80572B78C02E0028985F /* ViewController.swift in Sources */ = {isa = PBXBuildFile; fileRef = 130A80562B78C02E0028985F /* ViewController.swift */; };
		130A805A2B78C02E0028985F /* Main.storyboard in Resources */ = {isa = PBXBuildFile; fileRef = 130A80582B78C02E0028985F /* Main.storyboard */; };
		130A805C2B78C0300028985F /* Assets.xcassets in Resources */ = {isa = PBXBuildFile; fileRef = 130A805B2B78C0300028985F /* Assets.xcassets */; };
		130A805F2B78C0300028985F /* LaunchScreen.storyboard in Resources */ = {isa = PBXBuildFile; fileRef = 130A805D2B78C0300028985F /* LaunchScreen.storyboard */; };
		13910EBE2B80D380009BF17E /* ImageExtensions.swift in Sources */ = {isa = PBXBuildFile; fileRef = 13910EBD2B80D380009BF17E /* ImageExtensions.swift */; };
		13910EC02B80D396009BF17E /* UIExtensions.swift in Sources */ = {isa = PBXBuildFile; fileRef = 13910EBF2B80D396009BF17E /* UIExtensions.swift */; };
		13910EC52B80D5A6009BF17E /* pic-re.swift in Sources */ = {isa = PBXBuildFile; fileRef = 13910EC42B80D5A6009BF17E /* pic-re.swift */; };
		13910EC72B80D5B9009BF17E /* waifu-im.swift in Sources */ = {isa = PBXBuildFile; fileRef = 13910EC62B80D5B9009BF17E /* waifu-im.swift */; };
		13910EC92B80D5C2009BF17E /* nekos-best.swift in Sources */ = {isa = PBXBuildFile; fileRef = 13910EC82B80D5C2009BF17E /* nekos-best.swift */; };
		13910ECB2B80D5C8009BF17E /* waifu-pics.swift in Sources */ = {isa = PBXBuildFile; fileRef = 13910ECA2B80D5C8009BF17E /* waifu-pics.swift */; };
		13910ECF2B80D90D009BF17E /* SDWebImage in Frameworks */ = {isa = PBXBuildFile; productRef = 13910ECE2B80D90D009BF17E /* SDWebImage */; };
/* End PBXBuildFile section */

/* Begin PBXFileReference section */
		130A804F2B78C02E0028985F /* AnimeGen.app */ = {isa = PBXFileReference; explicitFileType = wrapper.application; includeInIndex = 0; path = AnimeGen.app; sourceTree = BUILT_PRODUCTS_DIR; };
		130A80522B78C02E0028985F /* AppDelegate.swift */ = {isa = PBXFileReference; lastKnownFileType = sourcecode.swift; path = AppDelegate.swift; sourceTree = "<group>"; };
		130A80542B78C02E0028985F /* SceneDelegate.swift */ = {isa = PBXFileReference; lastKnownFileType = sourcecode.swift; path = SceneDelegate.swift; sourceTree = "<group>"; };
		130A80562B78C02E0028985F /* ViewController.swift */ = {isa = PBXFileReference; lastKnownFileType = sourcecode.swift; path = ViewController.swift; sourceTree = "<group>"; };
		130A80592B78C02E0028985F /* Base */ = {isa = PBXFileReference; lastKnownFileType = file.storyboard; name = Base; path = Base.lproj/Main.storyboard; sourceTree = "<group>"; };
		130A805B2B78C0300028985F /* Assets.xcassets */ = {isa = PBXFileReference; lastKnownFileType = folder.assetcatalog; path = Assets.xcassets; sourceTree = "<group>"; };
		130A805E2B78C0300028985F /* Base */ = {isa = PBXFileReference; lastKnownFileType = file.storyboard; name = Base; path = Base.lproj/LaunchScreen.storyboard; sourceTree = "<group>"; };
		130A80602B78C0300028985F /* Info.plist */ = {isa = PBXFileReference; lastKnownFileType = text.plist.xml; path = Info.plist; sourceTree = "<group>"; };
		13910EBD2B80D380009BF17E /* ImageExtensions.swift */ = {isa = PBXFileReference; lastKnownFileType = sourcecode.swift; path = ImageExtensions.swift; sourceTree = "<group>"; };
		13910EBF2B80D396009BF17E /* UIExtensions.swift */ = {isa = PBXFileReference; lastKnownFileType = sourcecode.swift; path = UIExtensions.swift; sourceTree = "<group>"; };
		13910EC42B80D5A6009BF17E /* pic-re.swift */ = {isa = PBXFileReference; lastKnownFileType = sourcecode.swift; path = "pic-re.swift"; sourceTree = "<group>"; };
		13910EC62B80D5B9009BF17E /* waifu-im.swift */ = {isa = PBXFileReference; lastKnownFileType = sourcecode.swift; path = "waifu-im.swift"; sourceTree = "<group>"; };
		13910EC82B80D5C2009BF17E /* nekos-best.swift */ = {isa = PBXFileReference; lastKnownFileType = sourcecode.swift; path = "nekos-best.swift"; sourceTree = "<group>"; };
		13910ECA2B80D5C8009BF17E /* waifu-pics.swift */ = {isa = PBXFileReference; lastKnownFileType = sourcecode.swift; path = "waifu-pics.swift"; sourceTree = "<group>"; };
/* End PBXFileReference section */

/* Begin PBXFrameworksBuildPhase section */
		130A804C2B78C02E0028985F /* Frameworks */ = {
			isa = PBXFrameworksBuildPhase;
			buildActionMask = 2147483647;
			files = (
				13910ECF2B80D90D009BF17E /* SDWebImage in Frameworks */,
			);
			runOnlyForDeploymentPostprocessing = 0;
		};
/* End PBXFrameworksBuildPhase section */

/* Begin PBXGroup section */
		130A80462B78C02E0028985F = {
			isa = PBXGroup;
			children = (
				130A80512B78C02E0028985F /* AnimeGen */,
				130A80502B78C02E0028985F /* Products */,
			);
			sourceTree = "<group>";
		};
		130A80502B78C02E0028985F /* Products */ = {
			isa = PBXGroup;
			children = (
				130A804F2B78C02E0028985F /* AnimeGen.app */,
			);
			name = Products;
			sourceTree = "<group>";
		};
		130A80512B78C02E0028985F /* AnimeGen */ = {
			isa = PBXGroup;
			children = (
				13910ECC2B80D61F009BF17E /* Extensions */,
				13910EC32B80D595009BF17E /* APIs */,
				130A80522B78C02E0028985F /* AppDelegate.swift */,
				130A80542B78C02E0028985F /* SceneDelegate.swift */,
				130A805B2B78C0300028985F /* Assets.xcassets */,
				130A80582B78C02E0028985F /* Main.storyboard */,
				130A805D2B78C0300028985F /* LaunchScreen.storyboard */,
				130A80562B78C02E0028985F /* ViewController.swift */,
				130A80602B78C0300028985F /* Info.plist */,
			);
			path = AnimeGen;
			sourceTree = "<group>";
		};
		13910EC32B80D595009BF17E /* APIs */ = {
			isa = PBXGroup;
			children = (
				13910EC42B80D5A6009BF17E /* pic-re.swift */,
				13910EC62B80D5B9009BF17E /* waifu-im.swift */,
				13910ECA2B80D5C8009BF17E /* waifu-pics.swift */,
				13910EC82B80D5C2009BF17E /* nekos-best.swift */,
			);
			path = APIs;
			sourceTree = "<group>";
		};
		13910ECC2B80D61F009BF17E /* Extensions */ = {
			isa = PBXGroup;
			children = (
				13910EBD2B80D380009BF17E /* ImageExtensions.swift */,
				13910EBF2B80D396009BF17E /* UIExtensions.swift */,
			);
			path = Extensions;
			sourceTree = "<group>";
		};
/* End PBXGroup section */

/* Begin PBXNativeTarget section */
		130A804E2B78C02E0028985F /* AnimeGen */ = {
			isa = PBXNativeTarget;
			buildConfigurationList = 130A80632B78C0300028985F /* Build configuration list for PBXNativeTarget "AnimeGen" */;
			buildPhases = (
				130A804B2B78C02E0028985F /* Sources */,
				130A804C2B78C02E0028985F /* Frameworks */,
				130A804D2B78C02E0028985F /* Resources */,
			);
			buildRules = (
			);
			dependencies = (
			);
			name = AnimeGen;
			packageProductDependencies = (
				13910ECE2B80D90D009BF17E /* SDWebImage */,
			);
			productName = AnimeGen;
			productReference = 130A804F2B78C02E0028985F /* AnimeGen.app */;
			productType = "com.apple.product-type.application";
		};
/* End PBXNativeTarget section */

/* Begin PBXProject section */
		130A80472B78C02E0028985F /* Project object */ = {
			isa = PBXProject;
			attributes = {
				BuildIndependentTargetsInParallel = 1;
				LastSwiftUpdateCheck = 1320;
				LastUpgradeCheck = 1320;
				TargetAttributes = {
					130A804E2B78C02E0028985F = {
						CreatedOnToolsVersion = 13.2.1;
					};
				};
			};
			buildConfigurationList = 130A804A2B78C02E0028985F /* Build configuration list for PBXProject "AnimeGen" */;
			compatibilityVersion = "Xcode 13.0";
			developmentRegion = en;
			hasScannedForEncodings = 0;
			knownRegions = (
				en,
				Base,
			);
			mainGroup = 130A80462B78C02E0028985F;
			packageReferences = (
				13910ECD2B80D90D009BF17E /* XCRemoteSwiftPackageReference "SDWebImage" */,
			);
			productRefGroup = 130A80502B78C02E0028985F /* Products */;
			projectDirPath = "";
			projectRoot = "";
			targets = (
				130A804E2B78C02E0028985F /* AnimeGen */,
			);
		};
/* End PBXProject section */

/* Begin PBXResourcesBuildPhase section */
		130A804D2B78C02E0028985F /* Resources */ = {
			isa = PBXResourcesBuildPhase;
			buildActionMask = 2147483647;
			files = (
				130A805F2B78C0300028985F /* LaunchScreen.storyboard in Resources */,
				130A805C2B78C0300028985F /* Assets.xcassets in Resources */,
				130A805A2B78C02E0028985F /* Main.storyboard in Resources */,
			);
			runOnlyForDeploymentPostprocessing = 0;
		};
/* End PBXResourcesBuildPhase section */

/* Begin PBXSourcesBuildPhase section */
		130A804B2B78C02E0028985F /* Sources */ = {
			isa = PBXSourcesBuildPhase;
			buildActionMask = 2147483647;
			files = (
				13910EC72B80D5B9009BF17E /* waifu-im.swift in Sources */,
				130A80572B78C02E0028985F /* ViewController.swift in Sources */,
				130A80532B78C02E0028985F /* AppDelegate.swift in Sources */,
				130A80552B78C02E0028985F /* SceneDelegate.swift in Sources */,
				13910ECB2B80D5C8009BF17E /* waifu-pics.swift in Sources */,
				13910EC52B80D5A6009BF17E /* pic-re.swift in Sources */,
				13910EC02B80D396009BF17E /* UIExtensions.swift in Sources */,
				13910EC92B80D5C2009BF17E /* nekos-best.swift in Sources */,
				13910EBE2B80D380009BF17E /* ImageExtensions.swift in Sources */,
			);
			runOnlyForDeploymentPostprocessing = 0;
		};
/* End PBXSourcesBuildPhase section */

/* Begin PBXVariantGroup section */
		130A80582B78C02E0028985F /* Main.storyboard */ = {
			isa = PBXVariantGroup;
			children = (
				130A80592B78C02E0028985F /* Base */,
			);
			name = Main.storyboard;
			sourceTree = "<group>";
		};
		130A805D2B78C0300028985F /* LaunchScreen.storyboard */ = {
			isa = PBXVariantGroup;
			children = (
				130A805E2B78C0300028985F /* Base */,
			);
			name = LaunchScreen.storyboard;
			sourceTree = "<group>";
		};
/* End PBXVariantGroup section */

/* Begin XCBuildConfiguration section */
		130A80612B78C0300028985F /* Debug */ = {
			isa = XCBuildConfiguration;
			buildSettings = {
				ALWAYS_SEARCH_USER_PATHS = NO;
				CLANG_ANALYZER_NONNULL = YES;
				CLANG_ANALYZER_NUMBER_OBJECT_CONVERSION = YES_AGGRESSIVE;
				CLANG_CXX_LANGUAGE_STANDARD = "gnu++17";
				CLANG_CXX_LIBRARY = "libc++";
				CLANG_ENABLE_MODULES = YES;
				CLANG_ENABLE_OBJC_ARC = YES;
				CLANG_ENABLE_OBJC_WEAK = YES;
				CLANG_WARN_BLOCK_CAPTURE_AUTORELEASING = YES;
				CLANG_WARN_BOOL_CONVERSION = YES;
				CLANG_WARN_COMMA = YES;
				CLANG_WARN_CONSTANT_CONVERSION = YES;
				CLANG_WARN_DEPRECATED_OBJC_IMPLEMENTATIONS = YES;
				CLANG_WARN_DIRECT_OBJC_ISA_USAGE = YES_ERROR;
				CLANG_WARN_DOCUMENTATION_COMMENTS = YES;
				CLANG_WARN_EMPTY_BODY = YES;
				CLANG_WARN_ENUM_CONVERSION = YES;
				CLANG_WARN_INFINITE_RECURSION = YES;
				CLANG_WARN_INT_CONVERSION = YES;
				CLANG_WARN_NON_LITERAL_NULL_CONVERSION = YES;
				CLANG_WARN_OBJC_IMPLICIT_RETAIN_SELF = YES;
				CLANG_WARN_OBJC_LITERAL_CONVERSION = YES;
				CLANG_WARN_OBJC_ROOT_CLASS = YES_ERROR;
				CLANG_WARN_QUOTED_INCLUDE_IN_FRAMEWORK_HEADER = YES;
				CLANG_WARN_RANGE_LOOP_ANALYSIS = YES;
				CLANG_WARN_STRICT_PROTOTYPES = YES;
				CLANG_WARN_SUSPICIOUS_MOVE = YES;
				CLANG_WARN_UNGUARDED_AVAILABILITY = YES_AGGRESSIVE;
				CLANG_WARN_UNREACHABLE_CODE = YES;
				CLANG_WARN__DUPLICATE_METHOD_MATCH = YES;
				COPY_PHASE_STRIP = NO;
				DEBUG_INFORMATION_FORMAT = dwarf;
				ENABLE_STRICT_OBJC_MSGSEND = YES;
				ENABLE_TESTABILITY = YES;
				GCC_C_LANGUAGE_STANDARD = gnu11;
				GCC_DYNAMIC_NO_PIC = NO;
				GCC_NO_COMMON_BLOCKS = YES;
				GCC_OPTIMIZATION_LEVEL = 0;
				GCC_PREPROCESSOR_DEFINITIONS = (
					"DEBUG=1",
					"$(inherited)",
				);
				GCC_WARN_64_TO_32_BIT_CONVERSION = YES;
				GCC_WARN_ABOUT_RETURN_TYPE = YES_ERROR;
				GCC_WARN_UNDECLARED_SELECTOR = YES;
				GCC_WARN_UNINITIALIZED_AUTOS = YES_AGGRESSIVE;
				GCC_WARN_UNUSED_FUNCTION = YES;
				GCC_WARN_UNUSED_VARIABLE = YES;
				IPHONEOS_DEPLOYMENT_TARGET = 13.0;
				MTL_ENABLE_DEBUG_INFO = INCLUDE_SOURCE;
				MTL_FAST_MATH = YES;
				ONLY_ACTIVE_ARCH = YES;
				SDKROOT = iphoneos;
				SWIFT_ACTIVE_COMPILATION_CONDITIONS = DEBUG;
				SWIFT_OPTIMIZATION_LEVEL = "-Onone";
			};
			name = Debug;
		};
		130A80622B78C0300028985F /* Release */ = {
			isa = XCBuildConfiguration;
			buildSettings = {
				ALWAYS_SEARCH_USER_PATHS = NO;
				CLANG_ANALYZER_NONNULL = YES;
				CLANG_ANALYZER_NUMBER_OBJECT_CONVERSION = YES_AGGRESSIVE;
				CLANG_CXX_LANGUAGE_STANDARD = "gnu++17";
				CLANG_CXX_LIBRARY = "libc++";
				CLANG_ENABLE_MODULES = YES;
				CLANG_ENABLE_OBJC_ARC = YES;
				CLANG_ENABLE_OBJC_WEAK = YES;
				CLANG_WARN_BLOCK_CAPTURE_AUTORELEASING = YES;
				CLANG_WARN_BOOL_CONVERSION = YES;
				CLANG_WARN_COMMA = YES;
				CLANG_WARN_CONSTANT_CONVERSION = YES;
				CLANG_WARN_DEPRECATED_OBJC_IMPLEMENTATIONS = YES;
				CLANG_WARN_DIRECT_OBJC_ISA_USAGE = YES_ERROR;
				CLANG_WARN_DOCUMENTATION_COMMENTS = YES;
				CLANG_WARN_EMPTY_BODY = YES;
				CLANG_WARN_ENUM_CONVERSION = YES;
				CLANG_WARN_INFINITE_RECURSION = YES;
				CLANG_WARN_INT_CONVERSION = YES;
				CLANG_WARN_NON_LITERAL_NULL_CONVERSION = YES;
				CLANG_WARN_OBJC_IMPLICIT_RETAIN_SELF = YES;
				CLANG_WARN_OBJC_LITERAL_CONVERSION = YES;
				CLANG_WARN_OBJC_ROOT_CLASS = YES_ERROR;
				CLANG_WARN_QUOTED_INCLUDE_IN_FRAMEWORK_HEADER = YES;
				CLANG_WARN_RANGE_LOOP_ANALYSIS = YES;
				CLANG_WARN_STRICT_PROTOTYPES = YES;
				CLANG_WARN_SUSPICIOUS_MOVE = YES;
				CLANG_WARN_UNGUARDED_AVAILABILITY = YES_AGGRESSIVE;
				CLANG_WARN_UNREACHABLE_CODE = YES;
				CLANG_WARN__DUPLICATE_METHOD_MATCH = YES;
				COPY_PHASE_STRIP = NO;
				DEBUG_INFORMATION_FORMAT = "dwarf-with-dsym";
				ENABLE_NS_ASSERTIONS = NO;
				ENABLE_STRICT_OBJC_MSGSEND = YES;
				GCC_C_LANGUAGE_STANDARD = gnu11;
				GCC_NO_COMMON_BLOCKS = YES;
				GCC_WARN_64_TO_32_BIT_CONVERSION = YES;
				GCC_WARN_ABOUT_RETURN_TYPE = YES_ERROR;
				GCC_WARN_UNDECLARED_SELECTOR = YES;
				GCC_WARN_UNINITIALIZED_AUTOS = YES_AGGRESSIVE;
				GCC_WARN_UNUSED_FUNCTION = YES;
				GCC_WARN_UNUSED_VARIABLE = YES;
				IPHONEOS_DEPLOYMENT_TARGET = 13.0;
				MTL_ENABLE_DEBUG_INFO = NO;
				MTL_FAST_MATH = YES;
				SDKROOT = iphoneos;
				SWIFT_COMPILATION_MODE = wholemodule;
				SWIFT_OPTIMIZATION_LEVEL = "-O";
				VALIDATE_PRODUCT = YES;
			};
			name = Release;
		};
		130A80642B78C0300028985F /* Debug */ = {
			isa = XCBuildConfiguration;
			buildSettings = {
				ASSETCATALOG_COMPILER_APPICON_NAME = AppIcon;
				ASSETCATALOG_COMPILER_GLOBAL_ACCENT_COLOR_NAME = AccentColor;
				CODE_SIGN_STYLE = Automatic;
				CURRENT_PROJECT_VERSION = 1;
				DEVELOPMENT_TEAM = 399LMK6Q2Y;
				GENERATE_INFOPLIST_FILE = YES;
				INFOPLIST_FILE = AnimeGen/Info.plist;
				INFOPLIST_KEY_UIApplicationSupportsIndirectInputEvents = YES;
				INFOPLIST_KEY_UILaunchStoryboardName = LaunchScreen;
				INFOPLIST_KEY_UIMainStoryboardFile = Main;
				INFOPLIST_KEY_UISupportedInterfaceOrientations = UIInterfaceOrientationPortrait;
				INFOPLIST_KEY_UISupportedInterfaceOrientations_iPad = "UIInterfaceOrientationPortrait UIInterfaceOrientationPortraitUpsideDown UIInterfaceOrientationLandscapeLeft UIInterfaceOrientationLandscapeRight";
				INFOPLIST_KEY_UISupportedInterfaceOrientations_iPhone = UIInterfaceOrientationPortrait;
				IPHONEOS_DEPLOYMENT_TARGET = 13.0;
				LD_RUNPATH_SEARCH_PATHS = (
					"$(inherited)",
					"@executable_path/Frameworks",
				);
				MARKETING_VERSION = 1.0;
				PRODUCT_BUNDLE_IDENTIFIER = me.cranci.AnimeGen;
				PRODUCT_NAME = "$(TARGET_NAME)";
				SWIFT_EMIT_LOC_STRINGS = YES;
				SWIFT_VERSION = 5.0;
				TARGETED_DEVICE_FAMILY = "1,2";
			};
			name = Debug;
		};
		130A80652B78C0300028985F /* Release */ = {
			isa = XCBuildConfiguration;
			buildSettings = {
				ASSETCATALOG_COMPILER_APPICON_NAME = AppIcon;
				ASSETCATALOG_COMPILER_GLOBAL_ACCENT_COLOR_NAME = AccentColor;
				CODE_SIGN_IDENTITY = "Apple Development";
				CODE_SIGN_STYLE = Automatic;
				CURRENT_PROJECT_VERSION = 1;
				DEVELOPMENT_TEAM = 399LMK6Q2Y;
				GENERATE_INFOPLIST_FILE = YES;
				INFOPLIST_FILE = AnimeGen/Info.plist;
				INFOPLIST_KEY_UIApplicationSupportsIndirectInputEvents = YES;
				INFOPLIST_KEY_UILaunchStoryboardName = LaunchScreen;
				INFOPLIST_KEY_UIMainStoryboardFile = Main;
				INFOPLIST_KEY_UISupportedInterfaceOrientations = UIInterfaceOrientationPortrait;
				INFOPLIST_KEY_UISupportedInterfaceOrientations_iPad = "UIInterfaceOrientationPortrait UIInterfaceOrientationPortraitUpsideDown UIInterfaceOrientationLandscapeLeft UIInterfaceOrientationLandscapeRight";
				INFOPLIST_KEY_UISupportedInterfaceOrientations_iPhone = UIInterfaceOrientationPortrait;
				IPHONEOS_DEPLOYMENT_TARGET = 13.0;
				LD_RUNPATH_SEARCH_PATHS = (
					"$(inherited)",
					"@executable_path/Frameworks",
				);
				MARKETING_VERSION = 1.0;
				PRODUCT_BUNDLE_IDENTIFIER = me.cranci.AnimeGen;
				PRODUCT_NAME = "$(TARGET_NAME)";
				PROVISIONING_PROFILE_SPECIFIER = "";
				SWIFT_EMIT_LOC_STRINGS = YES;
				SWIFT_VERSION = 5.0;
				TARGETED_DEVICE_FAMILY = "1,2";
			};
			name = Release;
		};
/* End XCBuildConfiguration section */

/* Begin XCConfigurationList section */
		130A804A2B78C02E0028985F /* Build configuration list for PBXProject "AnimeGen" */ = {
			isa = XCConfigurationList;
			buildConfigurations = (
				130A80612B78C0300028985F /* Debug */,
				130A80622B78C0300028985F /* Release */,
			);
			defaultConfigurationIsVisible = 0;
			defaultConfigurationName = Release;
		};
		130A80632B78C0300028985F /* Build configuration list for PBXNativeTarget "AnimeGen" */ = {
			isa = XCConfigurationList;
			buildConfigurations = (
				130A80642B78C0300028985F /* Debug */,
				130A80652B78C0300028985F /* Release */,
			);
			defaultConfigurationIsVisible = 0;
			defaultConfigurationName = Release;
		};
/* End XCConfigurationList section */

/* Begin XCRemoteSwiftPackageReference section */
		13910ECD2B80D90D009BF17E /* XCRemoteSwiftPackageReference "SDWebImage" */ = {
			isa = XCRemoteSwiftPackageReference;
			repositoryURL = "https://github.com/SDWebImage/SDWebImage";
			requirement = {
				branch = master;
				kind = branch;
			};
		};
/* End XCRemoteSwiftPackageReference section */

/* Begin XCSwiftPackageProductDependency section */
		13910ECE2B80D90D009BF17E /* SDWebImage */ = {
			isa = XCSwiftPackageProductDependency;
			package = 13910ECD2B80D90D009BF17E /* XCRemoteSwiftPackageReference "SDWebImage" */;
			productName = SDWebImage;
		};
/* End XCSwiftPackageProductDependency section */
	};
	rootObject = 130A80472B78C02E0028985F /* Project object */;
}
