// !$*UTF8*$!
{
	archiveVersion = 1;
	classes = {
	};
	objectVersion = 56;
	objects = {

/* Begin PBXBuildFile section */
		132B28222E140DFE00BACE64 /* Assets.xcassets in Resources */ = {isa = PBXBuildFile; fileRef = 132B278F2E140DFB00BACE64 /* Assets.xcassets */; };
		132B282B2E140DFE00BACE64 /* ContentView.swift in Sources */ = {isa = PBXBuildFile; fileRef = 132B27AF2E140DFC00BACE64 /* ContentView.swift */; };
		1341C6F12E040D7F00B498FA /* AnimeGenApp.swift in Sources */ = {isa = PBXBuildFile; fileRef = 1341C6F02E040D7F00B498FA /* AnimeGenApp.swift */; };
		13709B962E0410B7008BA1D4 /* SoraCore in Frameworks */ = {isa = PBXBuildFile; productRef = 13709B952E0410B7008BA1D4 /* SoraCore */; };
		13709B992E0410C7008BA1D4 /* Drops in Frameworks */ = {isa = PBXBuildFile; productRef = 13709B982E0410C7008BA1D4 /* Drops */; };
		13709B9C2E0410FA008BA1D4 /* Nuke in Frameworks */ = {isa = PBXBuildFile; productRef = 13709B9B2E0410FA008BA1D4 /* Nuke */; };
		13709B9E2E0410FA008BA1D4 /* NukeUI in Frameworks */ = {isa = PBXBuildFile; productRef = 13709B9D2E0410FA008BA1D4 /* NukeUI */; };
		13709BA12E041114008BA1D4 /* MarqueeLabel in Frameworks */ = {isa = PBXBuildFile; productRef = 13709BA02E041114008BA1D4 /* MarqueeLabel */; };
		13793E1D2E15176F0034886E /* Localizable.strings in Resources */ = {isa = PBXBuildFile; fileRef = 13793D882E15176E0034886E /* Localizable.strings */; };
		13793E1E2E15176F0034886E /* ProgressiveBlurView.swift in Sources */ = {isa = PBXBuildFile; fileRef = 13793D992E15176E0034886E /* ProgressiveBlurView.swift */; };
		13793E1F2E15176F0034886E /* Logger.swift in Sources */ = {isa = PBXBuildFile; fileRef = 13793D9B2E15176E0034886E /* Logger.swift */; };
		13793E202E15176F0034886E /* WebAuthenticationManager.swift in Sources */ = {isa = PBXBuildFile; fileRef = 13793D9D2E15176E0034886E /* WebAuthenticationManager.swift */; };
		13793E212E15176F0034886E /* SkeletonCell.swift in Sources */ = {isa = PBXBuildFile; fileRef = 13793D9F2E15176E0034886E /* SkeletonCell.swift */; };
		13793E222E15176F0034886E /* Shimmer.swift in Sources */ = {isa = PBXBuildFile; fileRef = 13793DA02E15176E0034886E /* Shimmer.swift */; };
		13793E232E15176F0034886E /* DropManager.swift in Sources */ = {isa = PBXBuildFile; fileRef = 13793DA22E15176E0034886E /* DropManager.swift */; };
		13793E242E15176F0034886E /* TabBar.swift in Sources */ = {isa = PBXBuildFile; fileRef = 13793DA42E15176E0034886E /* TabBar.swift */; };
		13793E252E15176F0034886E /* TabItem.swift in Sources */ = {isa = PBXBuildFile; fileRef = 13793DA62E15176E0034886E /* TabItem.swift */; };
		13793E262E15176F0034886E /* View.swift in Sources */ = {isa = PBXBuildFile; fileRef = 13793DA82E15176E0034886E /* View.swift */; };
		13793E272E15176F0034886E /* JavaScriptCore+Extensions.swift in Sources */ = {isa = PBXBuildFile; fileRef = 13793DA92E15176E0034886E /* JavaScriptCore+Extensions.swift */; };
		13793E282E15176F0034886E /* finTopView.swift in Sources */ = {isa = PBXBuildFile; fileRef = 13793DAA2E15176E0034886E /* finTopView.swift */; };
		13793E292E15176F0034886E /* URLSession.swift in Sources */ = {isa = PBXBuildFile; fileRef = 13793DAB2E15176E0034886E /* URLSession.swift */; };
		13793E2A2E15176F0034886E /* URL.swift in Sources */ = {isa = PBXBuildFile; fileRef = 13793DAC2E15176E0034886E /* URL.swift */; };
		13793E2B2E15176F0034886E /* String.swift in Sources */ = {isa = PBXBuildFile; fileRef = 13793DAD2E15176E0034886E /* String.swift */; };
		13793E2C2E15176F0034886E /* UserDefaults.swift in Sources */ = {isa = PBXBuildFile; fileRef = 13793DAE2E15176E0034886E /* UserDefaults.swift */; };
		13793E2D2E15176F0034886E /* UIDevice+Model.swift in Sources */ = {isa = PBXBuildFile; fileRef = 13793DAF2E15176E0034886E /* UIDevice+Model.swift */; };
		13793E2E2E15176F0034886E /* Notification+Name.swift in Sources */ = {isa = PBXBuildFile; fileRef = 13793DB02E15176E0034886E /* Notification+Name.swift */; };
		13793E2F2E15176F0034886E /* JSController-Search.swift in Sources */ = {isa = PBXBuildFile; fileRef = 13793DB22E15176E0034886E /* JSController-Search.swift */; };
		13793E302E15176F0034886E /* JSController-Details.swift in Sources */ = {isa = PBXBuildFile; fileRef = 13793DB32E15176E0034886E /* JSController-Details.swift */; };
		13793E312E15176F0034886E /* JSController-Streams.swift in Sources */ = {isa = PBXBuildFile; fileRef = 13793DB42E15176E0034886E /* JSController-Streams.swift */; };
		13793E322E15176F0034886E /* JSController+Downloader.swift in Sources */ = {isa = PBXBuildFile; fileRef = 13793DB62E15176E0034886E /* JSController+Downloader.swift */; };
		13793E332E15176F0034886E /* JSController-Downloads.swift in Sources */ = {isa = PBXBuildFile; fileRef = 13793DB72E15176E0034886E /* JSController-Downloads.swift */; };
		13793E342E15176F0034886E /* JSController-HeaderManager.swift in Sources */ = {isa = PBXBuildFile; fileRef = 13793DB82E15176E0034886E /* JSController-HeaderManager.swift */; };
		13793E352E15176F0034886E /* JSController-StreamTypeDownload.swift in Sources */ = {isa = PBXBuildFile; fileRef = 13793DB92E15176E0034886E /* JSController-StreamTypeDownload.swift */; };
		13793E362E15176F0034886E /* JSController-Novel.swift in Sources */ = {isa = PBXBuildFile; fileRef = 13793DBA2E15176E0034886E /* JSController-Novel.swift */; };
		13793E372E15176F0034886E /* JSController.swift in Sources */ = {isa = PBXBuildFile; fileRef = 13793DBB2E15176E0034886E /* JSController.swift */; };
		13793E382E15176F0034886E /* DownloadModels.swift in Sources */ = {isa = PBXBuildFile; fileRef = 13793DBD2E15176E0034886E /* DownloadModels.swift */; };
		13793E392E15176F0034886E /* M3U8StreamExtractor.swift in Sources */ = {isa = PBXBuildFile; fileRef = 13793DBE2E15176E0034886E /* M3U8StreamExtractor.swift */; };
		13793E3A2E15176F0034886E /* DownloadManager.swift in Sources */ = {isa = PBXBuildFile; fileRef = 13793DBF2E15176E0034886E /* DownloadManager.swift */; };
		13793E3B2E15176F0034886E /* CommunityLib.swift in Sources */ = {isa = PBXBuildFile; fileRef = 13793DC12E15176E0034886E /* CommunityLib.swift */; };
		13793E3C2E15176F0034886E /* Modules.swift in Sources */ = {isa = PBXBuildFile; fileRef = 13793DC22E15176E0034886E /* Modules.swift */; };
		13793E3D2E15176F0034886E /* ModuleManager.swift in Sources */ = {isa = PBXBuildFile; fileRef = 13793DC32E15176E0034886E /* ModuleManager.swift */; };
		13793E3E2E15176F0034886E /* ModuleAdditionSettingsView.swift in Sources */ = {isa = PBXBuildFile; fileRef = 13793DC42E15176E0034886E /* ModuleAdditionSettingsView.swift */; };
		13793E3F2E15176F0034886E /* Analytics.swift in Sources */ = {isa = PBXBuildFile; fileRef = 13793DC62E15176E0034886E /* Analytics.swift */; };
		13793E402E15176F0034886E /* DeviceScaleModifier.swift in Sources */ = {isa = PBXBuildFile; fileRef = 13793DC82E15176E0034886E /* DeviceScaleModifier.swift */; };
		13793E412E15176F0034886E /* VideoWatchingActivity.swift in Sources */ = {isa = PBXBuildFile; fileRef = 13793DCB2E15176E0034886E /* VideoWatchingActivity.swift */; };
		13793E422E15176F0034886E /* ContinueWatchingItem.swift in Sources */ = {isa = PBXBuildFile; fileRef = 13793DCD2E15176E0034886E /* ContinueWatchingItem.swift */; };
		13793E432E15176F0034886E /* ContinueReadingManager.swift in Sources */ = {isa = PBXBuildFile; fileRef = 13793DCE2E15176E0034886E /* ContinueReadingManager.swift */; };
		13793E442E15176F0034886E /* ContinueReadingItem.swift in Sources */ = {isa = PBXBuildFile; fileRef = 13793DCF2E15176E0034886E /* ContinueReadingItem.swift */; };
		13793E452E15176F0034886E /* ContinueWatchingManager.swift in Sources */ = {isa = PBXBuildFile; fileRef = 13793DD02E15176E0034886E /* ContinueWatchingManager.swift */; };
		13793E462E15176F0034886E /* CustomPlayer.swift in Sources */ = {isa = PBXBuildFile; fileRef = 13793DD22E15176E0034886E /* CustomPlayer.swift */; };
		13793E472E15176F0034886E /* VolumeSlider.swift in Sources */ = {isa = PBXBuildFile; fileRef = 13793DD42E15176E0034886E /* VolumeSlider.swift */; };
		13793E482E15176F0034886E /* Double+Extension.swift in Sources */ = {isa = PBXBuildFile; fileRef = 13793DD52E15176E0034886E /* Double+Extension.swift */; };
		13793E492E15176F0034886E /* MusicProgressSlider.swift in Sources */ = {isa = PBXBuildFile; fileRef = 13793DD62E15176E0034886E /* MusicProgressSlider.swift */; };
		13793E4A2E15176F0034886E /* SubtitleSettingsManager.swift in Sources */ = {isa = PBXBuildFile; fileRef = 13793DD82E15176E0034886E /* SubtitleSettingsManager.swift */; };
		13793E4B2E15176F0034886E /* VTTSubtitlesLoader.swift in Sources */ = {isa = PBXBuildFile; fileRef = 13793DD92E15176E0034886E /* VTTSubtitlesLoader.swift */; };
		13793E4C2E15176F0034886E /* NormalPlayer.swift in Sources */ = {isa = PBXBuildFile; fileRef = 13793DDB2E15176E0034886E /* NormalPlayer.swift */; };
		13793E4D2E15176F0034886E /* VideoPlayer.swift in Sources */ = {isa = PBXBuildFile; fileRef = 13793DDC2E15176E0034886E /* VideoPlayer.swift */; };
		13793E4E2E15176F0034886E /* Anilist-Token.swift in Sources */ = {isa = PBXBuildFile; fileRef = 13793DE02E15176E0034886E /* Anilist-Token.swift */; };
		13793E4F2E15176F0034886E /* Anilist-Login.swift in Sources */ = {isa = PBXBuildFile; fileRef = 13793DE12E15176E0034886E /* Anilist-Login.swift */; };
		13793E502E15176F0034886E /* AniListPushUpdates.swift in Sources */ = {isa = PBXBuildFile; fileRef = 13793DE32E15176E0034886E /* AniListPushUpdates.swift */; };
		13793E512E15176F0034886E /* Trakt-Token.swift in Sources */ = {isa = PBXBuildFile; fileRef = 13793DE62E15176E0034886E /* Trakt-Token.swift */; };
		13793E522E15176F0034886E /* Trakt-Login.swift in Sources */ = {isa = PBXBuildFile; fileRef = 13793DE72E15176E0034886E /* Trakt-Login.swift */; };
		13793E532E15176F0034886E /* TraktPushUpdates.swift in Sources */ = {isa = PBXBuildFile; fileRef = 13793DE92E15176E0034886E /* TraktPushUpdates.swift */; };
		13793E542E15176F0034886E /* TMDB-FetchID.swift in Sources */ = {isa = PBXBuildFile; fileRef = 13793DEB2E15176E0034886E /* TMDB-FetchID.swift */; };
		13793E552E15176F0034886E /* SplashScreenView.swift in Sources */ = {isa = PBXBuildFile; fileRef = 13793DED2E15176F0034886E /* SplashScreenView.swift */; };
		13793E562E15176F0034886E /* ReaderView.swift in Sources */ = {isa = PBXBuildFile; fileRef = 13793DEF2E15176F0034886E /* ReaderView.swift */; };
		13793E572E15176F0034886E /* SearchView.swift in Sources */ = {isa = PBXBuildFile; fileRef = 13793DF12E15176F0034886E /* SearchView.swift */; };
		13793E582E15176F0034886E /* SearchResultsGrid.swift in Sources */ = {isa = PBXBuildFile; fileRef = 13793DF22E15176F0034886E /* SearchResultsGrid.swift */; };
		13793E592E15176F0034886E /* SearchStateView.swift in Sources */ = {isa = PBXBuildFile; fileRef = 13793DF32E15176F0034886E /* SearchStateView.swift */; };
		13793E5A2E15176F0034886E /* SearchViewComponents.swift in Sources */ = {isa = PBXBuildFile; fileRef = 13793DF42E15176F0034886E /* SearchViewComponents.swift */; };
		13793E5B2E15176F0034886E /* SearchComponents.swift in Sources */ = {isa = PBXBuildFile; fileRef = 13793DF52E15176F0034886E /* SearchComponents.swift */; };
		13793E5C2E15176F0034886E /* MediaInfoView.swift in Sources */ = {isa = PBXBuildFile; fileRef = 13793DF72E15176F0034886E /* MediaInfoView.swift */; };
		13793E5D2E15176F0034886E /* CircularProgressBar.swift in Sources */ = {isa = PBXBuildFile; fileRef = 13793DF92E15176F0034886E /* CircularProgressBar.swift */; };
		13793E5E2E15176F0034886E /* EpisodeCell.swift in Sources */ = {isa = PBXBuildFile; fileRef = 13793DFA2E15176F0034886E /* EpisodeCell.swift */; };
		13793E5F2E15176F0034886E /* ChapterCell.swift in Sources */ = {isa = PBXBuildFile; fileRef = 13793DFC2E15176F0034886E /* ChapterCell.swift */; };
		13793E602E15176F0034886E /* TMDBMatchPopupView.swift in Sources */ = {isa = PBXBuildFile; fileRef = 13793DFE2E15176F0034886E /* TMDBMatchPopupView.swift */; };
		13793E612E15176F0034886E /* AnilistMatchPopupView.swift in Sources */ = {isa = PBXBuildFile; fileRef = 13793DFF2E15176F0034886E /* AnilistMatchPopupView.swift */; };
		13793E622E15176F0034886E /* ContinueReadingSection.swift in Sources */ = {isa = PBXBuildFile; fileRef = 13793E012E15176F0034886E /* ContinueReadingSection.swift */; };
		13793E632E15176F0034886E /* LibraryManager.swift in Sources */ = {isa = PBXBuildFile; fileRef = 13793E022E15176F0034886E /* LibraryManager.swift */; };
		13793E642E15176F0034886E /* LibraryView.swift in Sources */ = {isa = PBXBuildFile; fileRef = 13793E032E15176F0034886E /* LibraryView.swift */; };
		13793E652E15176F0034886E /* AllWatching.swift in Sources */ = {isa = PBXBuildFile; fileRef = 13793E042E15176F0034886E /* AllWatching.swift */; };
		13793E662E15176F0034886E /* AllReading.swift in Sources */ = {isa = PBXBuildFile; fileRef = 13793E052E15176F0034886E /* AllReading.swift */; };
		13793E672E15176F0034886E /* BookmarkLink.swift in Sources */ = {isa = PBXBuildFile; fileRef = 13793E072E15176F0034886E /* BookmarkLink.swift */; };
		13793E682E15176F0034886E /* BookmarksDetailView.swift in Sources */ = {isa = PBXBuildFile; fileRef = 13793E082E15176F0034886E /* BookmarksDetailView.swift */; };
		13793E692E15176F0034886E /* BookmarkGridView.swift in Sources */ = {isa = PBXBuildFile; fileRef = 13793E092E15176F0034886E /* BookmarkGridView.swift */; };
		13793E6A2E15176F0034886E /* BookmarkCell.swift in Sources */ = {isa = PBXBuildFile; fileRef = 13793E0A2E15176F0034886E /* BookmarkCell.swift */; };
		13793E6B2E15176F0034886E /* CollectionPickerView.swift in Sources */ = {isa = PBXBuildFile; fileRef = 13793E0B2E15176F0034886E /* CollectionPickerView.swift */; };
		13793E6C2E15176F0034886E /* CollectionDetailView.swift in Sources */ = {isa = PBXBuildFile; fileRef = 13793E0C2E15176F0034886E /* CollectionDetailView.swift */; };
		13793E6D2E15176F0034886E /* BookmarkCollectionGridCell.swift in Sources */ = {isa = PBXBuildFile; fileRef = 13793E0D2E15176F0034886E /* BookmarkCollectionGridCell.swift */; };
		13793E6E2E15176F0034886E /* BookmarkGridItemView.swift in Sources */ = {isa = PBXBuildFile; fileRef = 13793E0E2E15176F0034886E /* BookmarkGridItemView.swift */; };
		13793E6F2E15176F0034886E /* SettingsView.swift in Sources */ = {isa = PBXBuildFile; fileRef = 13793E102E15176F0034886E /* SettingsView.swift */; };
		13793E702E15176F0034886E /* SettingsViewBackup.swift in Sources */ = {isa = PBXBuildFile; fileRef = 13793E122E15176F0034886E /* SettingsViewBackup.swift */; };
		13793E712E15176F0034886E /* SettingsViewGeneral.swift in Sources */ = {isa = PBXBuildFile; fileRef = 13793E132E15176F0034886E /* SettingsViewGeneral.swift */; };
		13793E722E15176F0034886E /* SettingsViewAbout.swift in Sources */ = {isa = PBXBuildFile; fileRef = 13793E142E15176F0034886E /* SettingsViewAbout.swift */; };
		13793E732E15176F0034886E /* SettingsViewLogger.swift in Sources */ = {isa = PBXBuildFile; fileRef = 13793E152E15176F0034886E /* SettingsViewLogger.swift */; };
		13793E742E15176F0034886E /* SettingsViewTrackers.swift in Sources */ = {isa = PBXBuildFile; fileRef = 13793E162E15176F0034886E /* SettingsViewTrackers.swift */; };
		13793E752E15176F0034886E /* SettingsViewDownloads.swift in Sources */ = {isa = PBXBuildFile; fileRef = 13793E172E15176F0034886E /* SettingsViewDownloads.swift */; };
		13793E762E15176F0034886E /* SettingsViewData.swift in Sources */ = {isa = PBXBuildFile; fileRef = 13793E182E15176F0034886E /* SettingsViewData.swift */; };
		13793E772E15176F0034886E /* SettingsViewPlayer.swift in Sources */ = {isa = PBXBuildFile; fileRef = 13793E192E15176F0034886E /* SettingsViewPlayer.swift */; };
		13793E782E15176F0034886E /* SettingsViewLoggerFilter.swift in Sources */ = {isa = PBXBuildFile; fileRef = 13793E1A2E15176F0034886E /* SettingsViewLoggerFilter.swift */; };
		13793E792E15176F0034886E /* SettingsViewModule.swift in Sources */ = {isa = PBXBuildFile; fileRef = 13793E1B2E15176F0034886E /* SettingsViewModule.swift */; };
		13793E7A2E15176F0034886E /* DownloadView.swift in Sources */ = {isa = PBXBuildFile; fileRef = 13793E1C2E15176F0034886E /* DownloadView.swift */; };
		13793E7D2E1517720034886E /* Preview Assets.xcassets in Resources */ = {isa = PBXBuildFile; fileRef = 13793E7C2E1517720034886E /* Preview Assets.xcassets */; };
/* End PBXBuildFile section */

/* Begin PBXFileReference section */
		132B278F2E140DFB00BACE64 /* Assets.xcassets */ = {isa = PBXFileReference; lastKnownFileType = folder.assetcatalog; path = Assets.xcassets; sourceTree = "<group>"; };
		132B27AF2E140DFC00BACE64 /* ContentView.swift */ = {isa = PBXFileReference; fileEncoding = 4; lastKnownFileType = sourcecode.swift; path = ContentView.swift; sourceTree = "<group>"; };
		132B27B02E140DFD00BACE64 /* Info.plist */ = {isa = PBXFileReference; fileEncoding = 4; lastKnownFileType = text.plist.xml; path = Info.plist; sourceTree = "<group>"; };
		1341C6ED2E040D7F00B498FA /* AnimeGen.app */ = {isa = PBXFileReference; explicitFileType = wrapper.application; includeInIndex = 0; path = AnimeGen.app; sourceTree = BUILT_PRODUCTS_DIR; };
		1341C6F02E040D7F00B498FA /* AnimeGenApp.swift */ = {isa = PBXFileReference; lastKnownFileType = sourcecode.swift; path = AnimeGenApp.swift; sourceTree = "<group>"; };
		137099BC2E040E0E008BA1D4 /* AnimeGen.entitlements */ = {isa = PBXFileReference; fileEncoding = 4; lastKnownFileType = text.plist.entitlements; path = AnimeGen.entitlements; sourceTree = "<group>"; };
		13793D892E15176E0034886E /* de */ = {isa = PBXFileReference; lastKnownFileType = text.plist.strings; name = de; path = de.lproj/Localizable.strings; sourceTree = "<group>"; };
		13793D8A2E15176E0034886E /* ar */ = {isa = PBXFileReference; lastKnownFileType = text.plist.strings; name = ar; path = ar.lproj/Localizable.strings; sourceTree = "<group>"; };
		13793D8B2E15176E0034886E /* en */ = {isa = PBXFileReference; lastKnownFileType = text.plist.strings; name = en; path = en.lproj/Localizable.strings; sourceTree = "<group>"; };
		13793D8C2E15176E0034886E /* es */ = {isa = PBXFileReference; lastKnownFileType = text.plist.strings; name = es; path = es.lproj/Localizable.strings; sourceTree = "<group>"; };
		13793D8D2E15176E0034886E /* it */ = {isa = PBXFileReference; lastKnownFileType = text.plist.strings; name = it; path = it.lproj/Localizable.strings; sourceTree = "<group>"; };
		13793D8E2E15176E0034886E /* sk */ = {isa = PBXFileReference; lastKnownFileType = text.plist.strings; name = sk; path = sk.lproj/Localizable.strings; sourceTree = "<group>"; };
		13793D8F2E15176E0034886E /* kk */ = {isa = PBXFileReference; lastKnownFileType = text.plist.strings; name = kk; path = kk.lproj/Localizable.strings; sourceTree = "<group>"; };
		13793D902E15176E0034886E /* sv */ = {isa = PBXFileReference; lastKnownFileType = text.plist.strings; name = sv; path = sv.lproj/Localizable.strings; sourceTree = "<group>"; };
		13793D912E15176E0034886E /* cs */ = {isa = PBXFileReference; lastKnownFileType = text.plist.strings; name = cs; path = cs.lproj/Localizable.strings; sourceTree = "<group>"; };
		13793D922E15176E0034886E /* ru */ = {isa = PBXFileReference; lastKnownFileType = text.plist.strings; name = ru; path = ru.lproj/Localizable.strings; sourceTree = "<group>"; };
		13793D932E15176E0034886E /* fr */ = {isa = PBXFileReference; lastKnownFileType = text.plist.strings; name = fr; path = fr.lproj/Localizable.strings; sourceTree = "<group>"; };
		13793D942E15176E0034886E /* nl */ = {isa = PBXFileReference; lastKnownFileType = text.plist.strings; name = nl; path = nl.lproj/Localizable.strings; sourceTree = "<group>"; };
		13793D952E15176E0034886E /* nn */ = {isa = PBXFileReference; lastKnownFileType = text.plist.strings; name = nn; path = nn.lproj/Localizable.strings; sourceTree = "<group>"; };
		13793D962E15176E0034886E /* bos */ = {isa = PBXFileReference; lastKnownFileType = text.plist.strings; name = bos; path = bos.lproj/Localizable.strings; sourceTree = "<group>"; };
		13793D992E15176E0034886E /* ProgressiveBlurView.swift */ = {isa = PBXFileReference; fileEncoding = 4; lastKnownFileType = sourcecode.swift; path = ProgressiveBlurView.swift; sourceTree = "<group>"; };
		13793D9B2E15176E0034886E /* Logger.swift */ = {isa = PBXFileReference; fileEncoding = 4; lastKnownFileType = sourcecode.swift; path = Logger.swift; sourceTree = "<group>"; };
		13793D9D2E15176E0034886E /* WebAuthenticationManager.swift */ = {isa = PBXFileReference; fileEncoding = 4; lastKnownFileType = sourcecode.swift; path = WebAuthenticationManager.swift; sourceTree = "<group>"; };
		13793D9F2E15176E0034886E /* SkeletonCell.swift */ = {isa = PBXFileReference; fileEncoding = 4; lastKnownFileType = sourcecode.swift; path = SkeletonCell.swift; sourceTree = "<group>"; };
		13793DA02E15176E0034886E /* Shimmer.swift */ = {isa = PBXFileReference; fileEncoding = 4; lastKnownFileType = sourcecode.swift; path = Shimmer.swift; sourceTree = "<group>"; };
		13793DA22E15176E0034886E /* DropManager.swift */ = {isa = PBXFileReference; fileEncoding = 4; lastKnownFileType = sourcecode.swift; path = DropManager.swift; sourceTree = "<group>"; };
		13793DA42E15176E0034886E /* TabBar.swift */ = {isa = PBXFileReference; fileEncoding = 4; lastKnownFileType = sourcecode.swift; path = TabBar.swift; sourceTree = "<group>"; };
		13793DA62E15176E0034886E /* TabItem.swift */ = {isa = PBXFileReference; fileEncoding = 4; lastKnownFileType = sourcecode.swift; path = TabItem.swift; sourceTree = "<group>"; };
		13793DA82E15176E0034886E /* View.swift */ = {isa = PBXFileReference; fileEncoding = 4; lastKnownFileType = sourcecode.swift; path = View.swift; sourceTree = "<group>"; };
		13793DA92E15176E0034886E /* JavaScriptCore+Extensions.swift */ = {isa = PBXFileReference; fileEncoding = 4; lastKnownFileType = sourcecode.swift; path = "JavaScriptCore+Extensions.swift"; sourceTree = "<group>"; };
		13793DAA2E15176E0034886E /* finTopView.swift */ = {isa = PBXFileReference; fileEncoding = 4; lastKnownFileType = sourcecode.swift; path = finTopView.swift; sourceTree = "<group>"; };
		13793DAB2E15176E0034886E /* URLSession.swift */ = {isa = PBXFileReference; fileEncoding = 4; lastKnownFileType = sourcecode.swift; path = URLSession.swift; sourceTree = "<group>"; };
		13793DAC2E15176E0034886E /* URL.swift */ = {isa = PBXFileReference; fileEncoding = 4; lastKnownFileType = sourcecode.swift; path = URL.swift; sourceTree = "<group>"; };
		13793DAD2E15176E0034886E /* String.swift */ = {isa = PBXFileReference; fileEncoding = 4; lastKnownFileType = sourcecode.swift; path = String.swift; sourceTree = "<group>"; };
		13793DAE2E15176E0034886E /* UserDefaults.swift */ = {isa = PBXFileReference; fileEncoding = 4; lastKnownFileType = sourcecode.swift; path = UserDefaults.swift; sourceTree = "<group>"; };
		13793DAF2E15176E0034886E /* UIDevice+Model.swift */ = {isa = PBXFileReference; fileEncoding = 4; lastKnownFileType = sourcecode.swift; path = "UIDevice+Model.swift"; sourceTree = "<group>"; };
		13793DB02E15176E0034886E /* Notification+Name.swift */ = {isa = PBXFileReference; fileEncoding = 4; lastKnownFileType = sourcecode.swift; path = "Notification+Name.swift"; sourceTree = "<group>"; };
		13793DB22E15176E0034886E /* JSController-Search.swift */ = {isa = PBXFileReference; fileEncoding = 4; lastKnownFileType = sourcecode.swift; path = "JSController-Search.swift"; sourceTree = "<group>"; };
		13793DB32E15176E0034886E /* JSController-Details.swift */ = {isa = PBXFileReference; fileEncoding = 4; lastKnownFileType = sourcecode.swift; path = "JSController-Details.swift"; sourceTree = "<group>"; };
		13793DB42E15176E0034886E /* JSController-Streams.swift */ = {isa = PBXFileReference; fileEncoding = 4; lastKnownFileType = sourcecode.swift; path = "JSController-Streams.swift"; sourceTree = "<group>"; };
		13793DB62E15176E0034886E /* JSController+Downloader.swift */ = {isa = PBXFileReference; fileEncoding = 4; lastKnownFileType = sourcecode.swift; path = "JSController+Downloader.swift"; sourceTree = "<group>"; };
		13793DB72E15176E0034886E /* JSController-Downloads.swift */ = {isa = PBXFileReference; fileEncoding = 4; lastKnownFileType = sourcecode.swift; path = "JSController-Downloads.swift"; sourceTree = "<group>"; };
		13793DB82E15176E0034886E /* JSController-HeaderManager.swift */ = {isa = PBXFileReference; fileEncoding = 4; lastKnownFileType = sourcecode.swift; path = "JSController-HeaderManager.swift"; sourceTree = "<group>"; };
		13793DB92E15176E0034886E /* JSController-StreamTypeDownload.swift */ = {isa = PBXFileReference; fileEncoding = 4; lastKnownFileType = sourcecode.swift; path = "JSController-StreamTypeDownload.swift"; sourceTree = "<group>"; };
		13793DBA2E15176E0034886E /* JSController-Novel.swift */ = {isa = PBXFileReference; fileEncoding = 4; lastKnownFileType = sourcecode.swift; path = "JSController-Novel.swift"; sourceTree = "<group>"; };
		13793DBB2E15176E0034886E /* JSController.swift */ = {isa = PBXFileReference; fileEncoding = 4; lastKnownFileType = sourcecode.swift; path = JSController.swift; sourceTree = "<group>"; };
		13793DBD2E15176E0034886E /* DownloadModels.swift */ = {isa = PBXFileReference; fileEncoding = 4; lastKnownFileType = sourcecode.swift; path = DownloadModels.swift; sourceTree = "<group>"; };
		13793DBE2E15176E0034886E /* M3U8StreamExtractor.swift */ = {isa = PBXFileReference; fileEncoding = 4; lastKnownFileType = sourcecode.swift; path = M3U8StreamExtractor.swift; sourceTree = "<group>"; };
		13793DBF2E15176E0034886E /* DownloadManager.swift */ = {isa = PBXFileReference; fileEncoding = 4; lastKnownFileType = sourcecode.swift; path = DownloadManager.swift; sourceTree = "<group>"; };
		13793DC12E15176E0034886E /* CommunityLib.swift */ = {isa = PBXFileReference; fileEncoding = 4; lastKnownFileType = sourcecode.swift; path = CommunityLib.swift; sourceTree = "<group>"; };
		13793DC22E15176E0034886E /* Modules.swift */ = {isa = PBXFileReference; fileEncoding = 4; lastKnownFileType = sourcecode.swift; path = Modules.swift; sourceTree = "<group>"; };
		13793DC32E15176E0034886E /* ModuleManager.swift */ = {isa = PBXFileReference; fileEncoding = 4; lastKnownFileType = sourcecode.swift; path = ModuleManager.swift; sourceTree = "<group>"; };
		13793DC42E15176E0034886E /* ModuleAdditionSettingsView.swift */ = {isa = PBXFileReference; fileEncoding = 4; lastKnownFileType = sourcecode.swift; path = ModuleAdditionSettingsView.swift; sourceTree = "<group>"; };
		13793DC62E15176E0034886E /* Analytics.swift */ = {isa = PBXFileReference; fileEncoding = 4; lastKnownFileType = sourcecode.swift; path = Analytics.swift; sourceTree = "<group>"; };
		13793DC82E15176E0034886E /* DeviceScaleModifier.swift */ = {isa = PBXFileReference; fileEncoding = 4; lastKnownFileType = sourcecode.swift; path = DeviceScaleModifier.swift; sourceTree = "<group>"; };
		13793DCB2E15176E0034886E /* VideoWatchingActivity.swift */ = {isa = PBXFileReference; fileEncoding = 4; lastKnownFileType = sourcecode.swift; path = VideoWatchingActivity.swift; sourceTree = "<group>"; };
		13793DCD2E15176E0034886E /* ContinueWatchingItem.swift */ = {isa = PBXFileReference; fileEncoding = 4; lastKnownFileType = sourcecode.swift; path = ContinueWatchingItem.swift; sourceTree = "<group>"; };
		13793DCE2E15176E0034886E /* ContinueReadingManager.swift */ = {isa = PBXFileReference; fileEncoding = 4; lastKnownFileType = sourcecode.swift; path = ContinueReadingManager.swift; sourceTree = "<group>"; };
		13793DCF2E15176E0034886E /* ContinueReadingItem.swift */ = {isa = PBXFileReference; fileEncoding = 4; lastKnownFileType = sourcecode.swift; path = ContinueReadingItem.swift; sourceTree = "<group>"; };
		13793DD02E15176E0034886E /* ContinueWatchingManager.swift */ = {isa = PBXFileReference; fileEncoding = 4; lastKnownFileType = sourcecode.swift; path = ContinueWatchingManager.swift; sourceTree = "<group>"; };
		13793DD22E15176E0034886E /* CustomPlayer.swift */ = {isa = PBXFileReference; fileEncoding = 4; lastKnownFileType = sourcecode.swift; path = CustomPlayer.swift; sourceTree = "<group>"; };
		13793DD42E15176E0034886E /* VolumeSlider.swift */ = {isa = PBXFileReference; fileEncoding = 4; lastKnownFileType = sourcecode.swift; path = VolumeSlider.swift; sourceTree = "<group>"; };
		13793DD52E15176E0034886E /* Double+Extension.swift */ = {isa = PBXFileReference; fileEncoding = 4; lastKnownFileType = sourcecode.swift; path = "Double+Extension.swift"; sourceTree = "<group>"; };
		13793DD62E15176E0034886E /* MusicProgressSlider.swift */ = {isa = PBXFileReference; fileEncoding = 4; lastKnownFileType = sourcecode.swift; path = MusicProgressSlider.swift; sourceTree = "<group>"; };
		13793DD82E15176E0034886E /* SubtitleSettingsManager.swift */ = {isa = PBXFileReference; fileEncoding = 4; lastKnownFileType = sourcecode.swift; path = SubtitleSettingsManager.swift; sourceTree = "<group>"; };
		13793DD92E15176E0034886E /* VTTSubtitlesLoader.swift */ = {isa = PBXFileReference; fileEncoding = 4; lastKnownFileType = sourcecode.swift; path = VTTSubtitlesLoader.swift; sourceTree = "<group>"; };
		13793DDB2E15176E0034886E /* NormalPlayer.swift */ = {isa = PBXFileReference; fileEncoding = 4; lastKnownFileType = sourcecode.swift; path = NormalPlayer.swift; sourceTree = "<group>"; };
		13793DDC2E15176E0034886E /* VideoPlayer.swift */ = {isa = PBXFileReference; fileEncoding = 4; lastKnownFileType = sourcecode.swift; path = VideoPlayer.swift; sourceTree = "<group>"; };
		13793DE02E15176E0034886E /* Anilist-Token.swift */ = {isa = PBXFileReference; fileEncoding = 4; lastKnownFileType = sourcecode.swift; path = "Anilist-Token.swift"; sourceTree = "<group>"; };
		13793DE12E15176E0034886E /* Anilist-Login.swift */ = {isa = PBXFileReference; fileEncoding = 4; lastKnownFileType = sourcecode.swift; path = "Anilist-Login.swift"; sourceTree = "<group>"; };
		13793DE32E15176E0034886E /* AniListPushUpdates.swift */ = {isa = PBXFileReference; fileEncoding = 4; lastKnownFileType = sourcecode.swift; path = AniListPushUpdates.swift; sourceTree = "<group>"; };
		13793DE62E15176E0034886E /* Trakt-Token.swift */ = {isa = PBXFileReference; fileEncoding = 4; lastKnownFileType = sourcecode.swift; path = "Trakt-Token.swift"; sourceTree = "<group>"; };
		13793DE72E15176E0034886E /* Trakt-Login.swift */ = {isa = PBXFileReference; fileEncoding = 4; lastKnownFileType = sourcecode.swift; path = "Trakt-Login.swift"; sourceTree = "<group>"; };
		13793DE92E15176E0034886E /* TraktPushUpdates.swift */ = {isa = PBXFileReference; fileEncoding = 4; lastKnownFileType = sourcecode.swift; path = TraktPushUpdates.swift; sourceTree = "<group>"; };
		13793DEB2E15176E0034886E /* TMDB-FetchID.swift */ = {isa = PBXFileReference; fileEncoding = 4; lastKnownFileType = sourcecode.swift; path = "TMDB-FetchID.swift"; sourceTree = "<group>"; };
		13793DED2E15176F0034886E /* SplashScreenView.swift */ = {isa = PBXFileReference; fileEncoding = 4; lastKnownFileType = sourcecode.swift; path = SplashScreenView.swift; sourceTree = "<group>"; };
		13793DEF2E15176F0034886E /* ReaderView.swift */ = {isa = PBXFileReference; fileEncoding = 4; lastKnownFileType = sourcecode.swift; path = ReaderView.swift; sourceTree = "<group>"; };
		13793DF12E15176F0034886E /* SearchView.swift */ = {isa = PBXFileReference; fileEncoding = 4; lastKnownFileType = sourcecode.swift; path = SearchView.swift; sourceTree = "<group>"; };
		13793DF22E15176F0034886E /* SearchResultsGrid.swift */ = {isa = PBXFileReference; fileEncoding = 4; lastKnownFileType = sourcecode.swift; path = SearchResultsGrid.swift; sourceTree = "<group>"; };
		13793DF32E15176F0034886E /* SearchStateView.swift */ = {isa = PBXFileReference; fileEncoding = 4; lastKnownFileType = sourcecode.swift; path = SearchStateView.swift; sourceTree = "<group>"; };
		13793DF42E15176F0034886E /* SearchViewComponents.swift */ = {isa = PBXFileReference; fileEncoding = 4; lastKnownFileType = sourcecode.swift; path = SearchViewComponents.swift; sourceTree = "<group>"; };
		13793DF52E15176F0034886E /* SearchComponents.swift */ = {isa = PBXFileReference; fileEncoding = 4; lastKnownFileType = sourcecode.swift; path = SearchComponents.swift; sourceTree = "<group>"; };
		13793DF72E15176F0034886E /* MediaInfoView.swift */ = {isa = PBXFileReference; fileEncoding = 4; lastKnownFileType = sourcecode.swift; path = MediaInfoView.swift; sourceTree = "<group>"; };
		13793DF92E15176F0034886E /* CircularProgressBar.swift */ = {isa = PBXFileReference; fileEncoding = 4; lastKnownFileType = sourcecode.swift; path = CircularProgressBar.swift; sourceTree = "<group>"; };
		13793DFA2E15176F0034886E /* EpisodeCell.swift */ = {isa = PBXFileReference; fileEncoding = 4; lastKnownFileType = sourcecode.swift; path = EpisodeCell.swift; sourceTree = "<group>"; };
		13793DFC2E15176F0034886E /* ChapterCell.swift */ = {isa = PBXFileReference; fileEncoding = 4; lastKnownFileType = sourcecode.swift; path = ChapterCell.swift; sourceTree = "<group>"; };
		13793DFE2E15176F0034886E /* TMDBMatchPopupView.swift */ = {isa = PBXFileReference; fileEncoding = 4; lastKnownFileType = sourcecode.swift; path = TMDBMatchPopupView.swift; sourceTree = "<group>"; };
		13793DFF2E15176F0034886E /* AnilistMatchPopupView.swift */ = {isa = PBXFileReference; fileEncoding = 4; lastKnownFileType = sourcecode.swift; path = AnilistMatchPopupView.swift; sourceTree = "<group>"; };
		13793E012E15176F0034886E /* ContinueReadingSection.swift */ = {isa = PBXFileReference; fileEncoding = 4; lastKnownFileType = sourcecode.swift; path = ContinueReadingSection.swift; sourceTree = "<group>"; };
		13793E022E15176F0034886E /* LibraryManager.swift */ = {isa = PBXFileReference; fileEncoding = 4; lastKnownFileType = sourcecode.swift; path = LibraryManager.swift; sourceTree = "<group>"; };
		13793E032E15176F0034886E /* LibraryView.swift */ = {isa = PBXFileReference; fileEncoding = 4; lastKnownFileType = sourcecode.swift; path = LibraryView.swift; sourceTree = "<group>"; };
		13793E042E15176F0034886E /* AllWatching.swift */ = {isa = PBXFileReference; fileEncoding = 4; lastKnownFileType = sourcecode.swift; path = AllWatching.swift; sourceTree = "<group>"; };
		13793E052E15176F0034886E /* AllReading.swift */ = {isa = PBXFileReference; fileEncoding = 4; lastKnownFileType = sourcecode.swift; path = AllReading.swift; sourceTree = "<group>"; };
		13793E072E15176F0034886E /* BookmarkLink.swift */ = {isa = PBXFileReference; fileEncoding = 4; lastKnownFileType = sourcecode.swift; path = BookmarkLink.swift; sourceTree = "<group>"; };
		13793E082E15176F0034886E /* BookmarksDetailView.swift */ = {isa = PBXFileReference; fileEncoding = 4; lastKnownFileType = sourcecode.swift; path = BookmarksDetailView.swift; sourceTree = "<group>"; };
		13793E092E15176F0034886E /* BookmarkGridView.swift */ = {isa = PBXFileReference; fileEncoding = 4; lastKnownFileType = sourcecode.swift; path = BookmarkGridView.swift; sourceTree = "<group>"; };
		13793E0A2E15176F0034886E /* BookmarkCell.swift */ = {isa = PBXFileReference; fileEncoding = 4; lastKnownFileType = sourcecode.swift; path = BookmarkCell.swift; sourceTree = "<group>"; };
		13793E0B2E15176F0034886E /* CollectionPickerView.swift */ = {isa = PBXFileReference; fileEncoding = 4; lastKnownFileType = sourcecode.swift; path = CollectionPickerView.swift; sourceTree = "<group>"; };
		13793E0C2E15176F0034886E /* CollectionDetailView.swift */ = {isa = PBXFileReference; fileEncoding = 4; lastKnownFileType = sourcecode.swift; path = CollectionDetailView.swift; sourceTree = "<group>"; };
		13793E0D2E15176F0034886E /* BookmarkCollectionGridCell.swift */ = {isa = PBXFileReference; fileEncoding = 4; lastKnownFileType = sourcecode.swift; path = BookmarkCollectionGridCell.swift; sourceTree = "<group>"; };
		13793E0E2E15176F0034886E /* BookmarkGridItemView.swift */ = {isa = PBXFileReference; fileEncoding = 4; lastKnownFileType = sourcecode.swift; path = BookmarkGridItemView.swift; sourceTree = "<group>"; };
		13793E102E15176F0034886E /* SettingsView.swift */ = {isa = PBXFileReference; fileEncoding = 4; lastKnownFileType = sourcecode.swift; path = SettingsView.swift; sourceTree = "<group>"; };
		13793E122E15176F0034886E /* SettingsViewBackup.swift */ = {isa = PBXFileReference; fileEncoding = 4; lastKnownFileType = sourcecode.swift; path = SettingsViewBackup.swift; sourceTree = "<group>"; };
		13793E132E15176F0034886E /* SettingsViewGeneral.swift */ = {isa = PBXFileReference; fileEncoding = 4; lastKnownFileType = sourcecode.swift; path = SettingsViewGeneral.swift; sourceTree = "<group>"; };
		13793E142E15176F0034886E /* SettingsViewAbout.swift */ = {isa = PBXFileReference; fileEncoding = 4; lastKnownFileType = sourcecode.swift; path = SettingsViewAbout.swift; sourceTree = "<group>"; };
		13793E152E15176F0034886E /* SettingsViewLogger.swift */ = {isa = PBXFileReference; fileEncoding = 4; lastKnownFileType = sourcecode.swift; path = SettingsViewLogger.swift; sourceTree = "<group>"; };
		13793E162E15176F0034886E /* SettingsViewTrackers.swift */ = {isa = PBXFileReference; fileEncoding = 4; lastKnownFileType = sourcecode.swift; path = SettingsViewTrackers.swift; sourceTree = "<group>"; };
		13793E172E15176F0034886E /* SettingsViewDownloads.swift */ = {isa = PBXFileReference; fileEncoding = 4; lastKnownFileType = sourcecode.swift; path = SettingsViewDownloads.swift; sourceTree = "<group>"; };
		13793E182E15176F0034886E /* SettingsViewData.swift */ = {isa = PBXFileReference; fileEncoding = 4; lastKnownFileType = sourcecode.swift; path = SettingsViewData.swift; sourceTree = "<group>"; };
		13793E192E15176F0034886E /* SettingsViewPlayer.swift */ = {isa = PBXFileReference; fileEncoding = 4; lastKnownFileType = sourcecode.swift; path = SettingsViewPlayer.swift; sourceTree = "<group>"; };
		13793E1A2E15176F0034886E /* SettingsViewLoggerFilter.swift */ = {isa = PBXFileReference; fileEncoding = 4; lastKnownFileType = sourcecode.swift; path = SettingsViewLoggerFilter.swift; sourceTree = "<group>"; };
		13793E1B2E15176F0034886E /* SettingsViewModule.swift */ = {isa = PBXFileReference; fileEncoding = 4; lastKnownFileType = sourcecode.swift; path = SettingsViewModule.swift; sourceTree = "<group>"; };
		13793E1C2E15176F0034886E /* DownloadView.swift */ = {isa = PBXFileReference; fileEncoding = 4; lastKnownFileType = sourcecode.swift; path = DownloadView.swift; sourceTree = "<group>"; };
		13793E7C2E1517720034886E /* Preview Assets.xcassets */ = {isa = PBXFileReference; lastKnownFileType = folder.assetcatalog; path = "Preview Assets.xcassets"; sourceTree = "<group>"; };
/* End PBXFileReference section */

/* Begin PBXFrameworksBuildPhase section */
		1341C6EA2E040D7F00B498FA /* Frameworks */ = {
			isa = PBXFrameworksBuildPhase;
			buildActionMask = 2147483647;
			files = (
				13709B9C2E0410FA008BA1D4 /* Nuke in Frameworks */,
				13709BA12E041114008BA1D4 /* MarqueeLabel in Frameworks */,
				13709B962E0410B7008BA1D4 /* SoraCore in Frameworks */,
				13709B992E0410C7008BA1D4 /* Drops in Frameworks */,
				13709B9E2E0410FA008BA1D4 /* NukeUI in Frameworks */,
			);
			runOnlyForDeploymentPostprocessing = 0;
		};
/* End PBXFrameworksBuildPhase section */

/* Begin PBXGroup section */
		1341C6E42E040D7F00B498FA = {
			isa = PBXGroup;
			children = (
				1341C6EF2E040D7F00B498FA /* AnimeGen */,
				1341C6EE2E040D7F00B498FA /* Products */,
			);
			sourceTree = "<group>";
		};
		1341C6EE2E040D7F00B498FA /* Products */ = {
			isa = PBXGroup;
			children = (
				1341C6ED2E040D7F00B498FA /* AnimeGen.app */,
			);
			name = Products;
			sourceTree = "<group>";
		};
		1341C6EF2E040D7F00B498FA /* AnimeGen */ = {
			isa = PBXGroup;
			children = (
				13793E7B2E1517720034886E /* Preview Content */,
				13793D872E15176E0034886E /* Localization */,
				13793DC92E15176E0034886E /* MediaUtils */,
				13793DDD2E15176E0034886E /* Tracking & Metadata */,
				13793D972E15176E0034886E /* Utlis & Misc */,
				13793DEC2E15176F0034886E /* Views */,
				132B278F2E140DFB00BACE64 /* Assets.xcassets */,
				132B27AF2E140DFC00BACE64 /* ContentView.swift */,
				132B27B02E140DFD00BACE64 /* Info.plist */,
				1341C6F02E040D7F00B498FA /* AnimeGenApp.swift */,
				137099BC2E040E0E008BA1D4 /* AnimeGen.entitlements */,
			);
			path = AnimeGen;
			sourceTree = "<group>";
		};
		13793D872E15176E0034886E /* Localization */ = {
			isa = PBXGroup;
			children = (
				13793D882E15176E0034886E /* Localizable.strings */,
			);
			name = Localization;
			path = ../../Sora/Sora/Localization;
			sourceTree = "<group>";
		};
		13793D972E15176E0034886E /* Utlis & Misc */ = {
			isa = PBXGroup;
			children = (
				13793D982E15176E0034886E /* ProgressiveBlurView */,
				13793D9A2E15176E0034886E /* Logger */,
				13793D9C2E15176E0034886E /* WebAuthentication */,
				13793D9E2E15176E0034886E /* SkeletonCells */,
				13793DA12E15176E0034886E /* Drops */,
				13793DA32E15176E0034886E /* TabBar */,
				13793DA52E15176E0034886E /* Models */,
				13793DA72E15176E0034886E /* Extensions */,
				13793DB12E15176E0034886E /* JSLoader */,
				13793DBC2E15176E0034886E /* DownloadUtils */,
				13793DC02E15176E0034886E /* Modules */,
				13793DC52E15176E0034886E /* Analytics */,
				13793DC72E15176E0034886E /* ViewModifiers */,
			);
			name = "Utlis & Misc";
			path = "../../Sora/Sora/Utlis & Misc";
			sourceTree = "<group>";
		};
		13793D982E15176E0034886E /* ProgressiveBlurView */ = {
			isa = PBXGroup;
			children = (
				13793D992E15176E0034886E /* ProgressiveBlurView.swift */,
			);
			path = ProgressiveBlurView;
			sourceTree = "<group>";
		};
		13793D9A2E15176E0034886E /* Logger */ = {
			isa = PBXGroup;
			children = (
				13793D9B2E15176E0034886E /* Logger.swift */,
			);
			path = Logger;
			sourceTree = "<group>";
		};
		13793D9C2E15176E0034886E /* WebAuthentication */ = {
			isa = PBXGroup;
			children = (
				13793D9D2E15176E0034886E /* WebAuthenticationManager.swift */,
			);
			path = WebAuthentication;
			sourceTree = "<group>";
		};
		13793D9E2E15176E0034886E /* SkeletonCells */ = {
			isa = PBXGroup;
			children = (
				13793D9F2E15176E0034886E /* SkeletonCell.swift */,
				13793DA02E15176E0034886E /* Shimmer.swift */,
			);
			path = SkeletonCells;
			sourceTree = "<group>";
		};
		13793DA12E15176E0034886E /* Drops */ = {
			isa = PBXGroup;
			children = (
				13793DA22E15176E0034886E /* DropManager.swift */,
			);
			path = Drops;
			sourceTree = "<group>";
		};
		13793DA32E15176E0034886E /* TabBar */ = {
			isa = PBXGroup;
			children = (
				13793DA42E15176E0034886E /* TabBar.swift */,
			);
			path = TabBar;
			sourceTree = "<group>";
		};
		13793DA52E15176E0034886E /* Models */ = {
			isa = PBXGroup;
			children = (
				13793DA62E15176E0034886E /* TabItem.swift */,
			);
			path = Models;
			sourceTree = "<group>";
		};
		13793DA72E15176E0034886E /* Extensions */ = {
			isa = PBXGroup;
			children = (
				13793DA82E15176E0034886E /* View.swift */,
				13793DA92E15176E0034886E /* JavaScriptCore+Extensions.swift */,
				13793DAA2E15176E0034886E /* finTopView.swift */,
				13793DAB2E15176E0034886E /* URLSession.swift */,
				13793DAC2E15176E0034886E /* URL.swift */,
				13793DAD2E15176E0034886E /* String.swift */,
				13793DAE2E15176E0034886E /* UserDefaults.swift */,
				13793DAF2E15176E0034886E /* UIDevice+Model.swift */,
				13793DB02E15176E0034886E /* Notification+Name.swift */,
			);
			path = Extensions;
			sourceTree = "<group>";
		};
		13793DB12E15176E0034886E /* JSLoader */ = {
			isa = PBXGroup;
			children = (
				13793DB22E15176E0034886E /* JSController-Search.swift */,
				13793DB32E15176E0034886E /* JSController-Details.swift */,
				13793DB42E15176E0034886E /* JSController-Streams.swift */,
				13793DB52E15176E0034886E /* Downloads */,
				13793DBA2E15176E0034886E /* JSController-Novel.swift */,
				13793DBB2E15176E0034886E /* JSController.swift */,
			);
			path = JSLoader;
			sourceTree = "<group>";
		};
		13793DB52E15176E0034886E /* Downloads */ = {
			isa = PBXGroup;
			children = (
				13793DB62E15176E0034886E /* JSController+Downloader.swift */,
				13793DB72E15176E0034886E /* JSController-Downloads.swift */,
				13793DB82E15176E0034886E /* JSController-HeaderManager.swift */,
				13793DB92E15176E0034886E /* JSController-StreamTypeDownload.swift */,
			);
			path = Downloads;
			sourceTree = "<group>";
		};
		13793DBC2E15176E0034886E /* DownloadUtils */ = {
			isa = PBXGroup;
			children = (
				13793DBD2E15176E0034886E /* DownloadModels.swift */,
				13793DBE2E15176E0034886E /* M3U8StreamExtractor.swift */,
				13793DBF2E15176E0034886E /* DownloadManager.swift */,
			);
			path = DownloadUtils;
			sourceTree = "<group>";
		};
		13793DC02E15176E0034886E /* Modules */ = {
			isa = PBXGroup;
			children = (
				13793DC12E15176E0034886E /* CommunityLib.swift */,
				13793DC22E15176E0034886E /* Modules.swift */,
				13793DC32E15176E0034886E /* ModuleManager.swift */,
				13793DC42E15176E0034886E /* ModuleAdditionSettingsView.swift */,
			);
			path = Modules;
			sourceTree = "<group>";
		};
		13793DC52E15176E0034886E /* Analytics */ = {
			isa = PBXGroup;
			children = (
				13793DC62E15176E0034886E /* Analytics.swift */,
			);
			path = Analytics;
			sourceTree = "<group>";
		};
		13793DC72E15176E0034886E /* ViewModifiers */ = {
			isa = PBXGroup;
			children = (
				13793DC82E15176E0034886E /* DeviceScaleModifier.swift */,
			);
			path = ViewModifiers;
			sourceTree = "<group>";
		};
		13793DC92E15176E0034886E /* MediaUtils */ = {
			isa = PBXGroup;
			children = (
				13793DCA2E15176E0034886E /* SharePlay */,
				13793DCC2E15176E0034886E /* ContinueWatching */,
				13793DD12E15176E0034886E /* CustomPlayer */,
				13793DDA2E15176E0034886E /* NormalPlayer */,
			);
			name = MediaUtils;
			path = ../../Sora/Sora/MediaUtils;
			sourceTree = "<group>";
		};
		13793DCA2E15176E0034886E /* SharePlay */ = {
			isa = PBXGroup;
			children = (
				13793DCB2E15176E0034886E /* VideoWatchingActivity.swift */,
			);
			path = SharePlay;
			sourceTree = "<group>";
		};
		13793DCC2E15176E0034886E /* ContinueWatching */ = {
			isa = PBXGroup;
			children = (
				13793DCD2E15176E0034886E /* ContinueWatchingItem.swift */,
				13793DCE2E15176E0034886E /* ContinueReadingManager.swift */,
				13793DCF2E15176E0034886E /* ContinueReadingItem.swift */,
				13793DD02E15176E0034886E /* ContinueWatchingManager.swift */,
			);
			path = ContinueWatching;
			sourceTree = "<group>";
		};
		13793DD12E15176E0034886E /* CustomPlayer */ = {
			isa = PBXGroup;
			children = (
				13793DD22E15176E0034886E /* CustomPlayer.swift */,
				13793DD32E15176E0034886E /* Components */,
				13793DD72E15176E0034886E /* Helpers */,
			);
			path = CustomPlayer;
			sourceTree = "<group>";
		};
		13793DD32E15176E0034886E /* Components */ = {
			isa = PBXGroup;
			children = (
				13793DD42E15176E0034886E /* VolumeSlider.swift */,
				13793DD52E15176E0034886E /* Double+Extension.swift */,
				13793DD62E15176E0034886E /* MusicProgressSlider.swift */,
			);
			path = Components;
			sourceTree = "<group>";
		};
		13793DD72E15176E0034886E /* Helpers */ = {
			isa = PBXGroup;
			children = (
				13793DD82E15176E0034886E /* SubtitleSettingsManager.swift */,
				13793DD92E15176E0034886E /* VTTSubtitlesLoader.swift */,
			);
			path = Helpers;
			sourceTree = "<group>";
		};
		13793DDA2E15176E0034886E /* NormalPlayer */ = {
			isa = PBXGroup;
			children = (
				13793DDB2E15176E0034886E /* NormalPlayer.swift */,
				13793DDC2E15176E0034886E /* VideoPlayer.swift */,
			);
			path = NormalPlayer;
			sourceTree = "<group>";
		};
		13793DDD2E15176E0034886E /* Tracking & Metadata */ = {
			isa = PBXGroup;
			children = (
				13793DDE2E15176E0034886E /* AniList */,
				13793DE42E15176E0034886E /* Trakt */,
				13793DEA2E15176E0034886E /* TMDB */,
			);
			path = "Tracking & Metadata";
			sourceTree = "<group>";
		};
		13793DDE2E15176E0034886E /* AniList */ = {
			isa = PBXGroup;
			children = (
				13793DDF2E15176E0034886E /* Auth */,
				13793DE22E15176E0034886E /* Mutations */,
			);
			path = AniList;
			sourceTree = "<group>";
		};
		13793DDF2E15176E0034886E /* Auth */ = {
			isa = PBXGroup;
			children = (
				13793DE02E15176E0034886E /* Anilist-Token.swift */,
				13793DE12E15176E0034886E /* Anilist-Login.swift */,
			);
			path = Auth;
			sourceTree = "<group>";
		};
		13793DE22E15176E0034886E /* Mutations */ = {
			isa = PBXGroup;
			children = (
				13793DE32E15176E0034886E /* AniListPushUpdates.swift */,
			);
			path = Mutations;
			sourceTree = "<group>";
		};
		13793DE42E15176E0034886E /* Trakt */ = {
			isa = PBXGroup;
			children = (
				13793DE52E15176E0034886E /* Auth */,
				13793DE82E15176E0034886E /* Mutations */,
			);
			path = Trakt;
			sourceTree = "<group>";
		};
		13793DE52E15176E0034886E /* Auth */ = {
			isa = PBXGroup;
			children = (
				13793DE62E15176E0034886E /* Trakt-Token.swift */,
				13793DE72E15176E0034886E /* Trakt-Login.swift */,
			);
			path = Auth;
			sourceTree = "<group>";
		};
		13793DE82E15176E0034886E /* Mutations */ = {
			isa = PBXGroup;
			children = (
				13793DE92E15176E0034886E /* TraktPushUpdates.swift */,
			);
			path = Mutations;
			sourceTree = "<group>";
		};
		13793DEA2E15176E0034886E /* TMDB */ = {
			isa = PBXGroup;
			children = (
				13793DEB2E15176E0034886E /* TMDB-FetchID.swift */,
			);
			path = TMDB;
			sourceTree = "<group>";
		};
		13793DEC2E15176F0034886E /* Views */ = {
			isa = PBXGroup;
			children = (
				13793DED2E15176F0034886E /* SplashScreenView.swift */,
				13793DEE2E15176F0034886E /* ReaderView */,
				13793DF02E15176F0034886E /* SearchView */,
				13793DF62E15176F0034886E /* MediaInfoView */,
				13793E002E15176F0034886E /* LibraryView */,
				13793E0F2E15176F0034886E /* SettingsView */,
				13793E1C2E15176F0034886E /* DownloadView.swift */,
			);
			name = Views;
			path = ../../Sora/Sora/Views;
			sourceTree = "<group>";
		};
		13793DEE2E15176F0034886E /* ReaderView */ = {
			isa = PBXGroup;
			children = (
				13793DEF2E15176F0034886E /* ReaderView.swift */,
			);
			path = ReaderView;
			sourceTree = "<group>";
		};
		13793DF02E15176F0034886E /* SearchView */ = {
			isa = PBXGroup;
			children = (
				13793DF12E15176F0034886E /* SearchView.swift */,
				13793DF22E15176F0034886E /* SearchResultsGrid.swift */,
				13793DF32E15176F0034886E /* SearchStateView.swift */,
				13793DF42E15176F0034886E /* SearchViewComponents.swift */,
				13793DF52E15176F0034886E /* SearchComponents.swift */,
			);
			path = SearchView;
			sourceTree = "<group>";
		};
		13793DF62E15176F0034886E /* MediaInfoView */ = {
			isa = PBXGroup;
			children = (
				13793DF72E15176F0034886E /* MediaInfoView.swift */,
				13793DF82E15176F0034886E /* EpisodeCell */,
				13793DFB2E15176F0034886E /* ChapterCell */,
				13793DFD2E15176F0034886E /* CustomMatching */,
			);
			path = MediaInfoView;
			sourceTree = "<group>";
		};
		13793DF82E15176F0034886E /* EpisodeCell */ = {
			isa = PBXGroup;
			children = (
				13793DF92E15176F0034886E /* CircularProgressBar.swift */,
				13793DFA2E15176F0034886E /* EpisodeCell.swift */,
			);
			path = EpisodeCell;
			sourceTree = "<group>";
		};
		13793DFB2E15176F0034886E /* ChapterCell */ = {
			isa = PBXGroup;
			children = (
				13793DFC2E15176F0034886E /* ChapterCell.swift */,
			);
			path = ChapterCell;
			sourceTree = "<group>";
		};
		13793DFD2E15176F0034886E /* CustomMatching */ = {
			isa = PBXGroup;
			children = (
				13793DFE2E15176F0034886E /* TMDBMatchPopupView.swift */,
				13793DFF2E15176F0034886E /* AnilistMatchPopupView.swift */,
			);
			path = CustomMatching;
			sourceTree = "<group>";
		};
		13793E002E15176F0034886E /* LibraryView */ = {
			isa = PBXGroup;
			children = (
				13793E012E15176F0034886E /* ContinueReadingSection.swift */,
				13793E022E15176F0034886E /* LibraryManager.swift */,
				13793E032E15176F0034886E /* LibraryView.swift */,
				13793E042E15176F0034886E /* AllWatching.swift */,
				13793E052E15176F0034886E /* AllReading.swift */,
				13793E062E15176F0034886E /* BookmarkComponents */,
			);
			path = LibraryView;
			sourceTree = "<group>";
		};
		13793E062E15176F0034886E /* BookmarkComponents */ = {
			isa = PBXGroup;
			children = (
				13793E072E15176F0034886E /* BookmarkLink.swift */,
				13793E082E15176F0034886E /* BookmarksDetailView.swift */,
				13793E092E15176F0034886E /* BookmarkGridView.swift */,
				13793E0A2E15176F0034886E /* BookmarkCell.swift */,
				13793E0B2E15176F0034886E /* CollectionPickerView.swift */,
				13793E0C2E15176F0034886E /* CollectionDetailView.swift */,
				13793E0D2E15176F0034886E /* BookmarkCollectionGridCell.swift */,
				13793E0E2E15176F0034886E /* BookmarkGridItemView.swift */,
			);
			path = BookmarkComponents;
			sourceTree = "<group>";
		};
		13793E0F2E15176F0034886E /* SettingsView */ = {
			isa = PBXGroup;
			children = (
				13793E102E15176F0034886E /* SettingsView.swift */,
				13793E112E15176F0034886E /* SettingsSubViews */,
			);
			path = SettingsView;
			sourceTree = "<group>";
		};
		13793E112E15176F0034886E /* SettingsSubViews */ = {
			isa = PBXGroup;
			children = (
				13793E122E15176F0034886E /* SettingsViewBackup.swift */,
				13793E132E15176F0034886E /* SettingsViewGeneral.swift */,
				13793E142E15176F0034886E /* SettingsViewAbout.swift */,
				13793E152E15176F0034886E /* SettingsViewLogger.swift */,
				13793E162E15176F0034886E /* SettingsViewTrackers.swift */,
				13793E172E15176F0034886E /* SettingsViewDownloads.swift */,
				13793E182E15176F0034886E /* SettingsViewData.swift */,
				13793E192E15176F0034886E /* SettingsViewPlayer.swift */,
				13793E1A2E15176F0034886E /* SettingsViewLoggerFilter.swift */,
				13793E1B2E15176F0034886E /* SettingsViewModule.swift */,
			);
			path = SettingsSubViews;
			sourceTree = "<group>";
		};
		13793E7B2E1517720034886E /* Preview Content */ = {
			isa = PBXGroup;
			children = (
				13793E7C2E1517720034886E /* Preview Assets.xcassets */,
			);
			name = "Preview Content";
			path = "../../Sora/Sora/Preview Content";
			sourceTree = "<group>";
		};
/* End PBXGroup section */

/* Begin PBXNativeTarget section */
		1341C6EC2E040D7F00B498FA /* AnimeGen */ = {
			isa = PBXNativeTarget;
			buildConfigurationList = 1341C6FB2E040D8300B498FA /* Build configuration list for PBXNativeTarget "AnimeGen" */;
			buildPhases = (
				1341C6E92E040D7F00B498FA /* Sources */,
				1341C6EA2E040D7F00B498FA /* Frameworks */,
				1341C6EB2E040D7F00B498FA /* Resources */,
			);
			buildRules = (
			);
			dependencies = (
			);
			name = AnimeGen;
			packageProductDependencies = (
				13709B952E0410B7008BA1D4 /* SoraCore */,
				13709B982E0410C7008BA1D4 /* Drops */,
				13709B9B2E0410FA008BA1D4 /* Nuke */,
				13709B9D2E0410FA008BA1D4 /* NukeUI */,
				13709BA02E041114008BA1D4 /* MarqueeLabel */,
			);
			productName = AnimeGen;
			productReference = 1341C6ED2E040D7F00B498FA /* AnimeGen.app */;
			productType = "com.apple.product-type.application";
		};
/* End PBXNativeTarget section */

/* Begin PBXProject section */
		1341C6E52E040D7F00B498FA /* Project object */ = {
			isa = PBXProject;
			attributes = {
				BuildIndependentTargetsInParallel = 1;
				LastSwiftUpdateCheck = 1520;
				LastUpgradeCheck = 1520;
				TargetAttributes = {
					1341C6EC2E040D7F00B498FA = {
						CreatedOnToolsVersion = 15.2;
					};
				};
			};
			buildConfigurationList = 1341C6E82E040D7F00B498FA /* Build configuration list for PBXProject "AnimeGen" */;
			compatibilityVersion = "Xcode 14.0";
			developmentRegion = en;
			hasScannedForEncodings = 0;
			knownRegions = (
				en,
				de,
				ar,
				es,
				sk,
				kk,
				sv,
				cs,
				ru,
				fr,
				nl,
				nn,
				bos,
				bs,
				it,
				Base,
			);
			mainGroup = 1341C6E42E040D7F00B498FA;
			packageReferences = (
				13709B942E0410B7008BA1D4 /* XCRemoteSwiftPackageReference "SoraCore" */,
				13709B972E0410C7008BA1D4 /* XCRemoteSwiftPackageReference "Drops" */,
				13709B9A2E0410FA008BA1D4 /* XCRemoteSwiftPackageReference "Nuke" */,
				13709B9F2E041114008BA1D4 /* XCRemoteSwiftPackageReference "MarqueeLabel" */,
			);
			productRefGroup = 1341C6EE2E040D7F00B498FA /* Products */;
			projectDirPath = "";
			projectRoot = "";
			targets = (
				1341C6EC2E040D7F00B498FA /* AnimeGen */,
			);
		};
/* End PBXProject section */

/* Begin PBXResourcesBuildPhase section */
		1341C6EB2E040D7F00B498FA /* Resources */ = {
			isa = PBXResourcesBuildPhase;
			buildActionMask = 2147483647;
			files = (
				132B28222E140DFE00BACE64 /* Assets.xcassets in Resources */,
				13793E7D2E1517720034886E /* Preview Assets.xcassets in Resources */,
				13793E1D2E15176F0034886E /* Localizable.strings in Resources */,
			);
			runOnlyForDeploymentPostprocessing = 0;
		};
/* End PBXResourcesBuildPhase section */

/* Begin PBXSourcesBuildPhase section */
		1341C6E92E040D7F00B498FA /* Sources */ = {
			isa = PBXSourcesBuildPhase;
			buildActionMask = 2147483647;
			files = (
				13793E592E15176F0034886E /* SearchStateView.swift in Sources */,
				13793E302E15176F0034886E /* JSController-Details.swift in Sources */,
				13793E2E2E15176F0034886E /* Notification+Name.swift in Sources */,
				13793E382E15176F0034886E /* DownloadModels.swift in Sources */,
				13793E3E2E15176F0034886E /* ModuleAdditionSettingsView.swift in Sources */,
				13793E702E15176F0034886E /* SettingsViewBackup.swift in Sources */,
				13793E602E15176F0034886E /* TMDBMatchPopupView.swift in Sources */,
				13793E5D2E15176F0034886E /* CircularProgressBar.swift in Sources */,
				13793E6A2E15176F0034886E /* BookmarkCell.swift in Sources */,
				13793E472E15176F0034886E /* VolumeSlider.swift in Sources */,
				13793E242E15176F0034886E /* TabBar.swift in Sources */,
				13793E6B2E15176F0034886E /* CollectionPickerView.swift in Sources */,
				13793E452E15176F0034886E /* ContinueWatchingManager.swift in Sources */,
				13793E6C2E15176F0034886E /* CollectionDetailView.swift in Sources */,
				13793E412E15176F0034886E /* VideoWatchingActivity.swift in Sources */,
				1341C6F12E040D7F00B498FA /* AnimeGenApp.swift in Sources */,
				13793E612E15176F0034886E /* AnilistMatchPopupView.swift in Sources */,
				13793E642E15176F0034886E /* LibraryView.swift in Sources */,
				13793E1E2E15176F0034886E /* ProgressiveBlurView.swift in Sources */,
				13793E4C2E15176F0034886E /* NormalPlayer.swift in Sources */,
				13793E6E2E15176F0034886E /* BookmarkGridItemView.swift in Sources */,
				13793E2D2E15176F0034886E /* UIDevice+Model.swift in Sources */,
				13793E6F2E15176F0034886E /* SettingsView.swift in Sources */,
				13793E362E15176F0034886E /* JSController-Novel.swift in Sources */,
				13793E5F2E15176F0034886E /* ChapterCell.swift in Sources */,
				13793E5E2E15176F0034886E /* EpisodeCell.swift in Sources */,
				13793E202E15176F0034886E /* WebAuthenticationManager.swift in Sources */,
				13793E522E15176F0034886E /* Trakt-Login.swift in Sources */,
				13793E772E15176F0034886E /* SettingsViewPlayer.swift in Sources */,
				13793E7A2E15176F0034886E /* DownloadView.swift in Sources */,
				13793E4A2E15176F0034886E /* SubtitleSettingsManager.swift in Sources */,
				13793E562E15176F0034886E /* ReaderView.swift in Sources */,
				13793E652E15176F0034886E /* AllWatching.swift in Sources */,
				13793E3B2E15176F0034886E /* CommunityLib.swift in Sources */,
				13793E4D2E15176F0034886E /* VideoPlayer.swift in Sources */,
				13793E282E15176F0034886E /* finTopView.swift in Sources */,
				13793E792E15176F0034886E /* SettingsViewModule.swift in Sources */,
				13793E2C2E15176F0034886E /* UserDefaults.swift in Sources */,
				13793E392E15176F0034886E /* M3U8StreamExtractor.swift in Sources */,
				13793E782E15176F0034886E /* SettingsViewLoggerFilter.swift in Sources */,
				13793E512E15176F0034886E /* Trakt-Token.swift in Sources */,
				13793E6D2E15176F0034886E /* BookmarkCollectionGridCell.swift in Sources */,
				13793E322E15176F0034886E /* JSController+Downloader.swift in Sources */,
				13793E2F2E15176F0034886E /* JSController-Search.swift in Sources */,
				13793E762E15176F0034886E /* SettingsViewData.swift in Sources */,
				13793E672E15176F0034886E /* BookmarkLink.swift in Sources */,
				13793E3D2E15176F0034886E /* ModuleManager.swift in Sources */,
				13793E2A2E15176F0034886E /* URL.swift in Sources */,
				13793E222E15176F0034886E /* Shimmer.swift in Sources */,
				13793E4B2E15176F0034886E /* VTTSubtitlesLoader.swift in Sources */,
				13793E662E15176F0034886E /* AllReading.swift in Sources */,
				13793E312E15176F0034886E /* JSController-Streams.swift in Sources */,
				13793E272E15176F0034886E /* JavaScriptCore+Extensions.swift in Sources */,
				13793E342E15176F0034886E /* JSController-HeaderManager.swift in Sources */,
				13793E552E15176F0034886E /* SplashScreenView.swift in Sources */,
				13793E232E15176F0034886E /* DropManager.swift in Sources */,
				13793E462E15176F0034886E /* CustomPlayer.swift in Sources */,
				13793E492E15176F0034886E /* MusicProgressSlider.swift in Sources */,
				13793E332E15176F0034886E /* JSController-Downloads.swift in Sources */,
				13793E5A2E15176F0034886E /* SearchViewComponents.swift in Sources */,
				13793E442E15176F0034886E /* ContinueReadingItem.swift in Sources */,
				13793E432E15176F0034886E /* ContinueReadingManager.swift in Sources */,
				13793E3C2E15176F0034886E /* Modules.swift in Sources */,
				13793E682E15176F0034886E /* BookmarksDetailView.swift in Sources */,
				13793E692E15176F0034886E /* BookmarkGridView.swift in Sources */,
				13793E5C2E15176F0034886E /* MediaInfoView.swift in Sources */,
				13793E572E15176F0034886E /* SearchView.swift in Sources */,
				13793E502E15176F0034886E /* AniListPushUpdates.swift in Sources */,
				13793E582E15176F0034886E /* SearchResultsGrid.swift in Sources */,
				13793E5B2E15176F0034886E /* SearchComponents.swift in Sources */,
				13793E352E15176F0034886E /* JSController-StreamTypeDownload.swift in Sources */,
				13793E3F2E15176F0034886E /* Analytics.swift in Sources */,
				13793E402E15176F0034886E /* DeviceScaleModifier.swift in Sources */,
				13793E622E15176F0034886E /* ContinueReadingSection.swift in Sources */,
				13793E292E15176F0034886E /* URLSession.swift in Sources */,
				132B282B2E140DFE00BACE64 /* ContentView.swift in Sources */,
				13793E542E15176F0034886E /* TMDB-FetchID.swift in Sources */,
				13793E212E15176F0034886E /* SkeletonCell.swift in Sources */,
				13793E252E15176F0034886E /* TabItem.swift in Sources */,
				13793E482E15176F0034886E /* Double+Extension.swift in Sources */,
				13793E422E15176F0034886E /* ContinueWatchingItem.swift in Sources */,
				13793E742E15176F0034886E /* SettingsViewTrackers.swift in Sources */,
				13793E262E15176F0034886E /* View.swift in Sources */,
				13793E3A2E15176F0034886E /* DownloadManager.swift in Sources */,
				13793E4E2E15176F0034886E /* Anilist-Token.swift in Sources */,
				13793E732E15176F0034886E /* SettingsViewLogger.swift in Sources */,
				13793E4F2E15176F0034886E /* Anilist-Login.swift in Sources */,
				13793E712E15176F0034886E /* SettingsViewGeneral.swift in Sources */,
				13793E2B2E15176F0034886E /* String.swift in Sources */,
				13793E722E15176F0034886E /* SettingsViewAbout.swift in Sources */,
				13793E532E15176F0034886E /* TraktPushUpdates.swift in Sources */,
				13793E372E15176F0034886E /* JSController.swift in Sources */,
				13793E752E15176F0034886E /* SettingsViewDownloads.swift in Sources */,
				13793E1F2E15176F0034886E /* Logger.swift in Sources */,
				13793E632E15176F0034886E /* LibraryManager.swift in Sources */,
			);
			runOnlyForDeploymentPostprocessing = 0;
		};
/* End PBXSourcesBuildPhase section */

/* Begin PBXVariantGroup section */
		13793D882E15176E0034886E /* Localizable.strings */ = {
			isa = PBXVariantGroup;
			children = (
				13793D892E15176E0034886E /* de */,
				13793D8A2E15176E0034886E /* ar */,
				13793D8B2E15176E0034886E /* en */,
				13793D8C2E15176E0034886E /* es */,
				13793D8D2E15176E0034886E /* it */,
				13793D8E2E15176E0034886E /* sk */,
				13793D8F2E15176E0034886E /* kk */,
				13793D902E15176E0034886E /* sv */,
				13793D912E15176E0034886E /* cs */,
				13793D922E15176E0034886E /* ru */,
				13793D932E15176E0034886E /* fr */,
				13793D942E15176E0034886E /* nl */,
				13793D952E15176E0034886E /* nn */,
				13793D962E15176E0034886E /* bos */,
			);
			name = Localizable.strings;
			sourceTree = "<group>";
		};
/* End PBXVariantGroup section */

/* Begin XCBuildConfiguration section */
		1341C6F92E040D8300B498FA /* Debug */ = {
			isa = XCBuildConfiguration;
			buildSettings = {
				ALWAYS_SEARCH_USER_PATHS = NO;
				ASSETCATALOG_COMPILER_GENERATE_SWIFT_ASSET_SYMBOL_EXTENSIONS = YES;
				CLANG_ANALYZER_NONNULL = YES;
				CLANG_ANALYZER_NUMBER_OBJECT_CONVERSION = YES_AGGRESSIVE;
				CLANG_CXX_LANGUAGE_STANDARD = "gnu++20";
				CLANG_ENABLE_MODULES = YES;
				CLANG_ENABLE_OBJC_ARC = YES;
				CLANG_ENABLE_OBJC_WEAK = YES;
				CLANG_WARN_BLOCK_CAPTURE_AUTORELEASING = YES;
				CLANG_WARN_BOOL_CONVERSION = YES;
				CLANG_WARN_COMMA = YES;
				CLANG_WARN_CONSTANT_CONVERSION = YES;
				CLANG_WARN_DEPRECATED_OBJC_IMPLEMENTATIONS = YES;
				CLANG_WARN_DIRECT_OBJC_ISA_USAGE = YES_ERROR;
				CLANG_WARN_DOCUMENTATION_COMMENTS = YES;
				CLANG_WARN_EMPTY_BODY = YES;
				CLANG_WARN_ENUM_CONVERSION = YES;
				CLANG_WARN_INFINITE_RECURSION = YES;
				CLANG_WARN_INT_CONVERSION = YES;
				CLANG_WARN_NON_LITERAL_NULL_CONVERSION = YES;
				CLANG_WARN_OBJC_IMPLICIT_RETAIN_SELF = YES;
				CLANG_WARN_OBJC_LITERAL_CONVERSION = YES;
				CLANG_WARN_OBJC_ROOT_CLASS = YES_ERROR;
				CLANG_WARN_QUOTED_INCLUDE_IN_FRAMEWORK_HEADER = YES;
				CLANG_WARN_RANGE_LOOP_ANALYSIS = YES;
				CLANG_WARN_STRICT_PROTOTYPES = YES;
				CLANG_WARN_SUSPICIOUS_MOVE = YES;
				CLANG_WARN_UNGUARDED_AVAILABILITY = YES_AGGRESSIVE;
				CLANG_WARN_UNREACHABLE_CODE = YES;
				CLANG_WARN__DUPLICATE_METHOD_MATCH = YES;
				COPY_PHASE_STRIP = NO;
				DEBUG_INFORMATION_FORMAT = dwarf;
				ENABLE_STRICT_OBJC_MSGSEND = YES;
				ENABLE_TESTABILITY = YES;
				ENABLE_USER_SCRIPT_SANDBOXING = YES;
				GCC_C_LANGUAGE_STANDARD = gnu17;
				GCC_DYNAMIC_NO_PIC = NO;
				GCC_NO_COMMON_BLOCKS = YES;
				GCC_OPTIMIZATION_LEVEL = 0;
				GCC_PREPROCESSOR_DEFINITIONS = (
					"DEBUG=1",
					"$(inherited)",
				);
				GCC_WARN_64_TO_32_BIT_CONVERSION = YES;
				GCC_WARN_ABOUT_RETURN_TYPE = YES_ERROR;
				GCC_WARN_UNDECLARED_SELECTOR = YES;
				GCC_WARN_UNINITIALIZED_AUTOS = YES_AGGRESSIVE;
				GCC_WARN_UNUSED_FUNCTION = YES;
				GCC_WARN_UNUSED_VARIABLE = YES;
				IPHONEOS_DEPLOYMENT_TARGET = 15.0;
				LOCALIZATION_PREFERS_STRING_CATALOGS = YES;
				MTL_ENABLE_DEBUG_INFO = INCLUDE_SOURCE;
				MTL_FAST_MATH = YES;
				ONLY_ACTIVE_ARCH = YES;
				SDKROOT = iphoneos;
				SWIFT_ACTIVE_COMPILATION_CONDITIONS = "DEBUG $(inherited)";
				SWIFT_OPTIMIZATION_LEVEL = "-Onone";
			};
			name = Debug;
		};
		1341C6FA2E040D8300B498FA /* Release */ = {
			isa = XCBuildConfiguration;
			buildSettings = {
				ALWAYS_SEARCH_USER_PATHS = NO;
				ASSETCATALOG_COMPILER_GENERATE_SWIFT_ASSET_SYMBOL_EXTENSIONS = YES;
				CLANG_ANALYZER_NONNULL = YES;
				CLANG_ANALYZER_NUMBER_OBJECT_CONVERSION = YES_AGGRESSIVE;
				CLANG_CXX_LANGUAGE_STANDARD = "gnu++20";
				CLANG_ENABLE_MODULES = YES;
				CLANG_ENABLE_OBJC_ARC = YES;
				CLANG_ENABLE_OBJC_WEAK = YES;
				CLANG_WARN_BLOCK_CAPTURE_AUTORELEASING = YES;
				CLANG_WARN_BOOL_CONVERSION = YES;
				CLANG_WARN_COMMA = YES;
				CLANG_WARN_CONSTANT_CONVERSION = YES;
				CLANG_WARN_DEPRECATED_OBJC_IMPLEMENTATIONS = YES;
				CLANG_WARN_DIRECT_OBJC_ISA_USAGE = YES_ERROR;
				CLANG_WARN_DOCUMENTATION_COMMENTS = YES;
				CLANG_WARN_EMPTY_BODY = YES;
				CLANG_WARN_ENUM_CONVERSION = YES;
				CLANG_WARN_INFINITE_RECURSION = YES;
				CLANG_WARN_INT_CONVERSION = YES;
				CLANG_WARN_NON_LITERAL_NULL_CONVERSION = YES;
				CLANG_WARN_OBJC_IMPLICIT_RETAIN_SELF = YES;
				CLANG_WARN_OBJC_LITERAL_CONVERSION = YES;
				CLANG_WARN_OBJC_ROOT_CLASS = YES_ERROR;
				CLANG_WARN_QUOTED_INCLUDE_IN_FRAMEWORK_HEADER = YES;
				CLANG_WARN_RANGE_LOOP_ANALYSIS = YES;
				CLANG_WARN_STRICT_PROTOTYPES = YES;
				CLANG_WARN_SUSPICIOUS_MOVE = YES;
				CLANG_WARN_UNGUARDED_AVAILABILITY = YES_AGGRESSIVE;
				CLANG_WARN_UNREACHABLE_CODE = YES;
				CLANG_WARN__DUPLICATE_METHOD_MATCH = YES;
				COPY_PHASE_STRIP = NO;
				DEBUG_INFORMATION_FORMAT = "dwarf-with-dsym";
				ENABLE_NS_ASSERTIONS = NO;
				ENABLE_STRICT_OBJC_MSGSEND = YES;
				ENABLE_USER_SCRIPT_SANDBOXING = YES;
				GCC_C_LANGUAGE_STANDARD = gnu17;
				GCC_NO_COMMON_BLOCKS = YES;
				GCC_WARN_64_TO_32_BIT_CONVERSION = YES;
				GCC_WARN_ABOUT_RETURN_TYPE = YES_ERROR;
				GCC_WARN_UNDECLARED_SELECTOR = YES;
				GCC_WARN_UNINITIALIZED_AUTOS = YES_AGGRESSIVE;
				GCC_WARN_UNUSED_FUNCTION = YES;
				GCC_WARN_UNUSED_VARIABLE = YES;
				IPHONEOS_DEPLOYMENT_TARGET = 15.0;
				LOCALIZATION_PREFERS_STRING_CATALOGS = YES;
				MTL_ENABLE_DEBUG_INFO = NO;
				MTL_FAST_MATH = YES;
				SDKROOT = iphoneos;
				SWIFT_COMPILATION_MODE = wholemodule;
				VALIDATE_PRODUCT = YES;
			};
			name = Release;
		};
		1341C6FC2E040D8300B498FA /* Debug */ = {
			isa = XCBuildConfiguration;
			buildSettings = {
				ASSETCATALOG_COMPILER_APPICON_NAME = AppIcon;
				ASSETCATALOG_COMPILER_GLOBAL_ACCENT_COLOR_NAME = AccentColor;
				ASSETCATALOG_COMPILER_INCLUDE_ALL_APPICON_ASSETS = NO;
				CODE_SIGN_ENTITLEMENTS = AnimeGen/AnimeGen.entitlements;
				CODE_SIGN_STYLE = Automatic;
				CURRENT_PROJECT_VERSION = 1;
				DEVELOPMENT_ASSET_PATHS = "\"AnimeGen/Preview Content\"";
				DEVELOPMENT_TEAM = 399LMK6Q2Y;
				ENABLE_PREVIEWS = YES;
				GENERATE_INFOPLIST_FILE = YES;
				INFOPLIST_FILE = AnimeGen/Info.plist;
				INFOPLIST_KEY_CFBundleDisplayName = Sora;
				INFOPLIST_KEY_LSApplicationCategoryType = "public.app-category.entertainment";
				INFOPLIST_KEY_UIApplicationSceneManifest_Generation = YES;
				INFOPLIST_KEY_UIApplicationSupportsIndirectInputEvents = YES;
				INFOPLIST_KEY_UILaunchScreen_Generation = YES;
				INFOPLIST_KEY_UISupportedInterfaceOrientations = "UIInterfaceOrientationLandscapeLeft UIInterfaceOrientationLandscapeRight UIInterfaceOrientationPortrait UIInterfaceOrientationPortraitUpsideDown";
				INFOPLIST_KEY_UISupportsDocumentBrowser = YES;
				IPHONEOS_DEPLOYMENT_TARGET = 15.0;
				LD_RUNPATH_SEARCH_PATHS = (
					"$(inherited)",
					"@executable_path/Frameworks",
				);
				MARKETING_VERSION = 3.0.0;
				PRODUCT_BUNDLE_IDENTIFIER = me.cranci.AnimeGen;
				PRODUCT_NAME = "$(TARGET_NAME)";
				SWIFT_EMIT_LOC_STRINGS = YES;
				SWIFT_VERSION = 5.0;
				TARGETED_DEVICE_FAMILY = "1,2";
			};
			name = Debug;
		};
		1341C6FD2E040D8300B498FA /* Release */ = {
			isa = XCBuildConfiguration;
			buildSettings = {
				ASSETCATALOG_COMPILER_APPICON_NAME = AppIcon;
				ASSETCATALOG_COMPILER_GLOBAL_ACCENT_COLOR_NAME = AccentColor;
				ASSETCATALOG_COMPILER_INCLUDE_ALL_APPICON_ASSETS = NO;
				CODE_SIGN_ENTITLEMENTS = AnimeGen/AnimeGen.entitlements;
				CODE_SIGN_STYLE = Automatic;
				CURRENT_PROJECT_VERSION = 1;
				DEVELOPMENT_ASSET_PATHS = "\"AnimeGen/Preview Content\"";
				DEVELOPMENT_TEAM = 399LMK6Q2Y;
				ENABLE_PREVIEWS = YES;
				GENERATE_INFOPLIST_FILE = YES;
				INFOPLIST_FILE = AnimeGen/Info.plist;
				INFOPLIST_KEY_CFBundleDisplayName = Sora;
				INFOPLIST_KEY_LSApplicationCategoryType = "public.app-category.entertainment";
				INFOPLIST_KEY_UIApplicationSceneManifest_Generation = YES;
				INFOPLIST_KEY_UIApplicationSupportsIndirectInputEvents = YES;
				INFOPLIST_KEY_UILaunchScreen_Generation = YES;
				INFOPLIST_KEY_UISupportedInterfaceOrientations = "UIInterfaceOrientationLandscapeLeft UIInterfaceOrientationLandscapeRight UIInterfaceOrientationPortrait UIInterfaceOrientationPortraitUpsideDown";
				INFOPLIST_KEY_UISupportsDocumentBrowser = YES;
				IPHONEOS_DEPLOYMENT_TARGET = 15.0;
				LD_RUNPATH_SEARCH_PATHS = (
					"$(inherited)",
					"@executable_path/Frameworks",
				);
				MARKETING_VERSION = 3.0.0;
				PRODUCT_BUNDLE_IDENTIFIER = me.cranci.AnimeGen;
				PRODUCT_NAME = "$(TARGET_NAME)";
				SWIFT_EMIT_LOC_STRINGS = YES;
				SWIFT_VERSION = 5.0;
				TARGETED_DEVICE_FAMILY = "1,2";
			};
			name = Release;
		};
/* End XCBuildConfiguration section */

/* Begin XCConfigurationList section */
		1341C6E82E040D7F00B498FA /* Build configuration list for PBXProject "AnimeGen" */ = {
			isa = XCConfigurationList;
			buildConfigurations = (
				1341C6F92E040D8300B498FA /* Debug */,
				1341C6FA2E040D8300B498FA /* Release */,
			);
			defaultConfigurationIsVisible = 0;
			defaultConfigurationName = Release;
		};
		1341C6FB2E040D8300B498FA /* Build configuration list for PBXNativeTarget "AnimeGen" */ = {
			isa = XCConfigurationList;
			buildConfigurations = (
				1341C6FC2E040D8300B498FA /* Debug */,
				1341C6FD2E040D8300B498FA /* Release */,
			);
			defaultConfigurationIsVisible = 0;
			defaultConfigurationName = Release;
		};
/* End XCConfigurationList section */

/* Begin XCRemoteSwiftPackageReference section */
		13709B942E0410B7008BA1D4 /* XCRemoteSwiftPackageReference "SoraCore" */ = {
			isa = XCRemoteSwiftPackageReference;
			repositoryURL = "https://github.com/cranci1/SoraCore";
			requirement = {
				branch = main;
				kind = branch;
			};
		};
		13709B972E0410C7008BA1D4 /* XCRemoteSwiftPackageReference "Drops" */ = {
			isa = XCRemoteSwiftPackageReference;
			repositoryURL = "https://github.com/omaralbeik/Drops";
			requirement = {
				branch = main;
				kind = branch;
			};
		};
		13709B9A2E0410FA008BA1D4 /* XCRemoteSwiftPackageReference "Nuke" */ = {
			isa = XCRemoteSwiftPackageReference;
			repositoryURL = "https://github.com/kean/Nuke";
			requirement = {
				branch = main;
				kind = branch;
			};
		};
		13709B9F2E041114008BA1D4 /* XCRemoteSwiftPackageReference "MarqueeLabel" */ = {
			isa = XCRemoteSwiftPackageReference;
			repositoryURL = "https://github.com/cbpowell/MarqueeLabel";
			requirement = {
				branch = master;
				kind = branch;
			};
		};
/* End XCRemoteSwiftPackageReference section */

/* Begin XCSwiftPackageProductDependency section */
		13709B952E0410B7008BA1D4 /* SoraCore */ = {
			isa = XCSwiftPackageProductDependency;
			package = 13709B942E0410B7008BA1D4 /* XCRemoteSwiftPackageReference "SoraCore" */;
			productName = SoraCore;
		};
		13709B982E0410C7008BA1D4 /* Drops */ = {
			isa = XCSwiftPackageProductDependency;
			package = 13709B972E0410C7008BA1D4 /* XCRemoteSwiftPackageReference "Drops" */;
			productName = Drops;
		};
		13709B9B2E0410FA008BA1D4 /* Nuke */ = {
			isa = XCSwiftPackageProductDependency;
			package = 13709B9A2E0410FA008BA1D4 /* XCRemoteSwiftPackageReference "Nuke" */;
			productName = Nuke;
		};
		13709B9D2E0410FA008BA1D4 /* NukeUI */ = {
			isa = XCSwiftPackageProductDependency;
			package = 13709B9A2E0410FA008BA1D4 /* XCRemoteSwiftPackageReference "Nuke" */;
			productName = NukeUI;
		};
		13709BA02E041114008BA1D4 /* MarqueeLabel */ = {
			isa = XCSwiftPackageProductDependency;
			package = 13709B9F2E041114008BA1D4 /* XCRemoteSwiftPackageReference "MarqueeLabel" */;
			productName = MarqueeLabel;
		};
/* End XCSwiftPackageProductDependency section */
	};
	rootObject = 1341C6E52E040D7F00B498FA /* Project object */;
}
