{
  "pins" : [
    {
      "identity" : "drops",
      "kind" : "remoteSourceControl",
      "location" : "https://github.com/omaralbeik/Drops",
      "state" : {
        "branch" : "main",
        "revision" : "5824681795286c36bdc4a493081a63e64e2a064e"
      }
    },
    {
      "identity" : "marqueelabel",
      "kind" : "remoteSourceControl",
      "location" : "https://github.com/cbpowell/MarqueeLabel",
      "state" : {
        "branch" : "master",
        "revision" : "18e4787f4dc1c26d2d581c4bc9aeae34686eeeae"
      }
    },
    {
      "identity" : "nuke",
      "kind" : "remoteSourceControl",
      "location" : "https://github.com/kean/Nuke",
      "state" : {
        "branch" : "main",
        "revision" : "c7ba4833b1b38f09e9708858aeaf91babc69f65c"
      }
    },
    {
      "identity" : "soracore",
      "kind" : "remoteSourceControl",
      "location" : "https://github.com/cranci1/SoraCore",
      "state" : {
        "branch" : "main",
        "revision" : "50ddc160fd606e9708adefc1d9fc7003b574446b"
      }
    },
    {
      "identity" : "soradecryption",
      "kind" : "remoteSourceControl",
      "location" : "https://github.com/cranci1/SoraDecryption",
      "state" : {
        "branch" : "main",
        "revision" : "29f65570c7d8c6c4e20602a7ef9863fa09600e97"
      }
    }
  ],
  "version" : 2
}
