{
  "object": {
    "pins": [
      {
        "package": "SDWebImage",
        "repositoryURL": "https://github.com/SDWebImage/SDWebImage",
        "state": {
          "branch": "master",
          "revision": "e55cb041d05fc20a8b32c56249ab7e4b907c1dcb",
          "version": null
        }
      }
    ]
  },
  "version": 1
}
